// !$*UTF8*$!
{
	archiveVersion = 1;
	classes = {
	};
	objectVersion = 42;
	objects = {

/* Begin PBXAggregateTarget section */
		8D637B580E04A111008D3EBA /* All Sensors */ = {
			isa = PBXAggregateTarget;
			buildConfigurationList = 8D637B6F0E04A15A008D3EBA /* Build configuration list for PBXAggregateTarget "All Sensors" */;
			buildPhases = (
			);
			dependencies = (
				8D1B84840E0A7A4F00D47563 /* PBXTargetDependency */,
				8D0EACD60E07ADB6004ABEF2 /* PBXTargetDependency */,
				8D637B930E04A2C7008D3EBA /* PBXTargetDependency */,
				8D637B5C0E04A126008D3EBA /* PBXTargetDependency */,
				8DA6081E0E1D941900066EA8 /* PBXTargetDependency */,
			);
			name = "All Sensors";
			productName = "All Sensors";
		};
/* End PBXAggregateTarget section */

/* Begin PBXBuildFile section */
		8D0EACC10E07AAA6004ABEF2 /* LightSensor-Info.plist in Resources */ = {isa = PBXBuildFile; fileRef = 8D0EACA40E07A931004ABEF2 /* LightSensor-Info.plist */; };
		8D0EACC50E07AB1C004ABEF2 /* LightSensor.m in Sources */ = {isa = PBXBuildFile; fileRef = 8D0EACC40E07AB1C004ABEF2 /* LightSensor.m */; };
		8D0EACF40E07AE60004ABEF2 /* IOKit.framework in Frameworks */ = {isa = PBXBuildFile; fileRef = 8D637BAB0E04A61C008D3EBA /* IOKit.framework */; };
		8D0EACFE0E07AEA2004ABEF2 /* LightSensor.sensor in CopyFiles */ = {isa = PBXBuildFile; fileRef = 8D0EACB00E07A99C004ABEF2 /* LightSensor.sensor */; };
		8D11072D0486CEB800E47090 /* main.m in Sources */ = {isa = PBXBuildFile; fileRef = 29B97316FDCFA39411CA2CEA /* main.m */; settings = {ATTRIBUTES = (); }; };
		8D11072F0486CEB800E47090 /* Cocoa.framework in Frameworks */ = {isa = PBXBuildFile; fileRef = 1058C7A1FEA54F0111CA2CBB /* Cocoa.framework */; };
		8D16A7080E8F66C900765403 /* GeneralPrefs.nib in Resources */ = {isa = PBXBuildFile; fileRef = 8D16A7070E8F66C900765403 /* GeneralPrefs.nib */; };
		8D16A79F0E8FB1FE00765403 /* GeneralPrefs.tiff in Resources */ = {isa = PBXBuildFile; fileRef = 8D16A79E0E8FB1FE00765403 /* GeneralPrefs.tiff */; };
		8D1B84800E0A7A1E00D47563 /* PowerSensor-Info.plist in Resources */ = {isa = PBXBuildFile; fileRef = 8D1B847D0E0A7A1E00D47563 /* PowerSensor-Info.plist */; };
		8D1B84810E0A7A1E00D47563 /* PowerSensor.m in Sources */ = {isa = PBXBuildFile; fileRef = 8D1B847F0E0A7A1E00D47563 /* PowerSensor.m */; };
		8D1B848C0E0A7A6700D47563 /* PowerSensor.sensor in CopyFiles */ = {isa = PBXBuildFile; fileRef = 8D1B84620E0A79AA00D47563 /* PowerSensor.sensor */; };
		8D1B849E0E0A7DBE00D47563 /* IOKit.framework in Frameworks */ = {isa = PBXBuildFile; fileRef = 8D637BAB0E04A61C008D3EBA /* IOKit.framework */; };
		8D2CEBA30E92F8BB00E1895A /* RulesPrefs.tiff in Resources */ = {isa = PBXBuildFile; fileRef = 8D2CEBA20E92F8BB00E1895A /* RulesPrefs.tiff */; };
		8D2CEBA50E92F9AD00E1895A /* ContextsPrefs.nib in Resources */ = {isa = PBXBuildFile; fileRef = 8D2CEBA40E92F9AD00E1895A /* ContextsPrefs.nib */; };
		8D2CEBA70E92F9D600E1895A /* ContextsPrefs.tiff in Resources */ = {isa = PBXBuildFile; fileRef = 8D2CEBA60E92F9D600E1895A /* ContextsPrefs.tiff */; };
		8D2E7D2B0E943C3500121762 /* ContextsController.m in Sources */ = {isa = PBXBuildFile; fileRef = 8D2E7D2A0E943C3500121762 /* ContextsController.m */; };
		8D35C5FA0DFE7F7D00AF7A7D /* Context.m in Sources */ = {isa = PBXBuildFile; fileRef = 8D35C5F90DFE7F7D00AF7A7D /* Context.m */; };
		8D35C5FB0DFE7F7D00AF7A7D /* Context.m in Sources */ = {isa = PBXBuildFile; fileRef = 8D35C5F90DFE7F7D00AF7A7D /* Context.m */; };
		8D35C60B0DFE851A00AF7A7D /* ContextTest.m in Sources */ = {isa = PBXBuildFile; fileRef = 8D35C60A0DFE851A00AF7A7D /* ContextTest.m */; };
		8D35C6280DFE999200AF7A7D /* ContextGroup.m in Sources */ = {isa = PBXBuildFile; fileRef = 8D35C6270DFE999200AF7A7D /* ContextGroup.m */; };
		8D35C6290DFE999200AF7A7D /* ContextGroup.m in Sources */ = {isa = PBXBuildFile; fileRef = 8D35C6270DFE999200AF7A7D /* ContextGroup.m */; };
		8D35C6320DFE9C2400AF7A7D /* ContextGroupTest.m in Sources */ = {isa = PBXBuildFile; fileRef = 8D35C6310DFE9C2400AF7A7D /* ContextGroupTest.m */; };
		8D56753C0E0105AC00EFEBA2 /* TimeOfDaySensor.m in Sources */ = {isa = PBXBuildFile; fileRef = 8D56753B0E0105AC00EFEBA2 /* TimeOfDaySensor.m */; };
		8D56756A0E01088A00EFEBA2 /* TimeOfDaySensor-Info.plist in Resources */ = {isa = PBXBuildFile; fileRef = 8D56752E0E01055E00EFEBA2 /* TimeOfDaySensor-Info.plist */; };
		8D56758C0E010AAD00EFEBA2 /* main.m in Sources */ = {isa = PBXBuildFile; fileRef = 29B97316FDCFA39411CA2CEA /* main.m */; };
		8D5675920E010AE800EFEBA2 /* SensorTester.nib in Resources */ = {isa = PBXBuildFile; fileRef = 8D5675910E010AE800EFEBA2 /* SensorTester.nib */; };
		8D5675970E010C9200EFEBA2 /* SensorArrayController.m in Sources */ = {isa = PBXBuildFile; fileRef = 8D5675960E010C9200EFEBA2 /* SensorArrayController.m */; };
		8D5675980E010C9200EFEBA2 /* SensorArrayController.m in Sources */ = {isa = PBXBuildFile; fileRef = 8D5675960E010C9200EFEBA2 /* SensorArrayController.m */; };
		8D56765F0E01EDD300EFEBA2 /* SensorController.m in Sources */ = {isa = PBXBuildFile; fileRef = 8D56765E0E01EDD300EFEBA2 /* SensorController.m */; };
		8D5676600E01EDD300EFEBA2 /* SensorController.m in Sources */ = {isa = PBXBuildFile; fileRef = 8D56765E0E01EDD300EFEBA2 /* SensorController.m */; };
		8D637B7F0E04A1E3008D3EBA /* TimeOfDaySensor.sensor in CopyFiles */ = {isa = PBXBuildFile; fileRef = 8D56752D0E01055E00EFEBA2 /* TimeOfDaySensor.sensor */; };
		8D637B940E04A2E3008D3EBA /* USBSensor-Info.plist in Resources */ = {isa = PBXBuildFile; fileRef = 8D637B8D0E04A280008D3EBA /* USBSensor-Info.plist */; };
		8D637B9A0E04A332008D3EBA /* USBSensor.m in Sources */ = {isa = PBXBuildFile; fileRef = 8D637B990E04A332008D3EBA /* USBSensor.m */; };
		8D637BAC0E04A61C008D3EBA /* IOKit.framework in Frameworks */ = {isa = PBXBuildFile; fileRef = 8D637BAB0E04A61C008D3EBA /* IOKit.framework */; };
		8D637BC10E04A637008D3EBA /* USBSensor.sensor in CopyFiles */ = {isa = PBXBuildFile; fileRef = 8D637B8C0E04A280008D3EBA /* USBSensor.sensor */; };
		8D637C260E04CD32008D3EBA /* USBVendorDB.m in Sources */ = {isa = PBXBuildFile; fileRef = 8D637C250E04CD32008D3EBA /* USBVendorDB.m */; };
		8D637C3E0E04CEB7008D3EBA /* usb-vendors.txt in Resources */ = {isa = PBXBuildFile; fileRef = 8D637C3D0E04CEB7008D3EBA /* usb-vendors.txt */; };
		8D637C5A0E04D2DD008D3EBA /* USBDevice.m in Sources */ = {isa = PBXBuildFile; fileRef = 8D637C590E04D2DD008D3EBA /* USBDevice.m */; };
		8D76DEE80E371D3B00DF4015 /* ExactRule.m in Sources */ = {isa = PBXBuildFile; fileRef = 8D76DEE70E371D3B00DF4015 /* ExactRule.m */; };
		8D76DEFB0E371FBC00DF4015 /* RuleSet.m in Sources */ = {isa = PBXBuildFile; fileRef = 8D76DEFA0E371FBC00DF4015 /* RuleSet.m */; };
		8D76DEFC0E371FBC00DF4015 /* RuleSet.m in Sources */ = {isa = PBXBuildFile; fileRef = 8D76DEFA0E371FBC00DF4015 /* RuleSet.m */; };
		8D7906500E984CA8001F38AF /* ContextTree.m in Sources */ = {isa = PBXBuildFile; fileRef = 8D79064F0E984CA8001F38AF /* ContextTree.m */; };
		8D7906650E988364001F38AF /* ContextTree.m in Sources */ = {isa = PBXBuildFile; fileRef = 8D79064F0E984CA8001F38AF /* ContextTree.m */; };
		8D7906680E98837D001F38AF /* ContextTreeTest.m in Sources */ = {isa = PBXBuildFile; fileRef = 8D7906670E98837D001F38AF /* ContextTreeTest.m */; };
		8D7D5A2A0E94BE1C005279AD /* ContextsView.m in Sources */ = {isa = PBXBuildFile; fileRef = 8D7D5A290E94BE1C005279AD /* ContextsView.m */; };
		8D7D5ABB0E958D9C005279AD /* PreferencesPaneController.m in Sources */ = {isa = PBXBuildFile; fileRef = 8D7D5ABA0E958D9C005279AD /* PreferencesPaneController.m */; };
		8D93F7870E50FB0000AE3E1E /* LogicRuleTest.m in Sources */ = {isa = PBXBuildFile; fileRef = 8D93F7860E50FB0000AE3E1E /* LogicRuleTest.m */; };
		8D95D9010E19A0BD002C1B79 /* SensorControllerTest.m in Sources */ = {isa = PBXBuildFile; fileRef = 8DA7FE2A0E06519000248CF8 /* SensorControllerTest.m */; };
		8D96C3CD0E1AF70100287BC1 /* ValueSet.m in Sources */ = {isa = PBXBuildFile; fileRef = 8DBF0AC10E1A2902009F1FCE /* ValueSet.m */; };
		8DA608060E1D93A600066EA8 /* IPSensor-Info.plist in Resources */ = {isa = PBXBuildFile; fileRef = 8DA607F70E1D931A00066EA8 /* IPSensor-Info.plist */; };
		8DA608090E1D93C600066EA8 /* IPSensor.m in Sources */ = {isa = PBXBuildFile; fileRef = 8DA608080E1D93C600066EA8 /* IPSensor.m */; };
		8DA6081F0E1D942A00066EA8 /* IPSensor.sensor in CopyFiles */ = {isa = PBXBuildFile; fileRef = 8DA607F60E1D931A00066EA8 /* IPSensor.sensor */; };
		8DA608630E1D977500066EA8 /* SystemConfiguration.framework in Frameworks */ = {isa = PBXBuildFile; fileRef = 8DA608620E1D977500066EA8 /* SystemConfiguration.framework */; };
		8DA7FE190E064F6F00248CF8 /* MockSensor.m in Sources */ = {isa = PBXBuildFile; fileRef = 8DA7FE180E064F6F00248CF8 /* MockSensor.m */; };
		8DA7FE310E0653EB00248CF8 /* SensorController.m in Sources */ = {isa = PBXBuildFile; fileRef = 8D56765E0E01EDD300EFEBA2 /* SensorController.m */; };
		8DBB44840E8B01F300B2D66F /* PreferencesController.m in Sources */ = {isa = PBXBuildFile; fileRef = 8DBB44830E8B01F300B2D66F /* PreferencesController.m */; };
		8DBE19930E39C93E002AC5EC /* ExactRuleTest.m in Sources */ = {isa = PBXBuildFile; fileRef = 8DBE19920E39C93E002AC5EC /* ExactRuleTest.m */; };
		8DBE199D0E39CAB7002AC5EC /* ExactRule.m in Sources */ = {isa = PBXBuildFile; fileRef = 8D76DEE70E371D3B00DF4015 /* ExactRule.m */; };
		8DBE19E00E39CE7A002AC5EC /* LogicRule.m in Sources */ = {isa = PBXBuildFile; fileRef = 8DBE19DF0E39CE7A002AC5EC /* LogicRule.m */; };
		8DBE19E10E39CE7A002AC5EC /* LogicRule.m in Sources */ = {isa = PBXBuildFile; fileRef = 8DBE19DF0E39CE7A002AC5EC /* LogicRule.m */; };
		8DBF0AC40E1A2902009F1FCE /* ValueSet.m in Sources */ = {isa = PBXBuildFile; fileRef = 8DBF0AC10E1A2902009F1FCE /* ValueSet.m */; };
		8DBF0AC60E1A2906009F1FCE /* ValueSetTest.m in Sources */ = {isa = PBXBuildFile; fileRef = 8DBF0AC30E1A2902009F1FCE /* ValueSetTest.m */; };
		8DBF0AC70E1A2907009F1FCE /* ValueSet.m in Sources */ = {isa = PBXBuildFile; fileRef = 8DBF0AC10E1A2902009F1FCE /* ValueSet.m */; };
		8DFEDA360E54E7140069AA8C /* MainMenu.nib in Resources */ = {isa = PBXBuildFile; fileRef = 8DFEDA350E54E7140069AA8C /* MainMenu.nib */; };
		8DFEDA3C0E54E8C00069AA8C /* ApplicationController.m in Sources */ = {isa = PBXBuildFile; fileRef = 8DFEDA3B0E54E8C00069AA8C /* ApplicationController.m */; };
/* End PBXBuildFile section */

/* Begin PBXContainerItemProxy section */
		8D0EACD50E07ADB6004ABEF2 /* PBXContainerItemProxy */ = {
			isa = PBXContainerItemProxy;
			containerPortal = 29B97313FDCFA39411CA2CEA /* Project object */;
			proxyType = 1;
			remoteGlobalIDString = 8D0EACAF0E07A99C004ABEF2;
			remoteInfo = LightSensor;
		};
		8D1B84830E0A7A4F00D47563 /* PBXContainerItemProxy */ = {
			isa = PBXContainerItemProxy;
			containerPortal = 29B97313FDCFA39411CA2CEA /* Project object */;
			proxyType = 1;
			remoteGlobalIDString = 8D1B84610E0A79AA00D47563;
			remoteInfo = PowerSensor;
		};
		8D637B5B0E04A126008D3EBA /* PBXContainerItemProxy */ = {
			isa = PBXContainerItemProxy;
			containerPortal = 29B97313FDCFA39411CA2CEA /* Project object */;
			proxyType = 1;
			remoteGlobalIDString = 8D56752C0E01055E00EFEBA2;
			remoteInfo = TimeOfDaySensor;
		};
		8D637B5D0E04A13E008D3EBA /* PBXContainerItemProxy */ = {
			isa = PBXContainerItemProxy;
			containerPortal = 29B97313FDCFA39411CA2CEA /* Project object */;
			proxyType = 1;
			remoteGlobalIDString = 8D637B580E04A111008D3EBA;
			remoteInfo = "All Sensors";
		};
		8D637B5F0E04A145008D3EBA /* PBXContainerItemProxy */ = {
			isa = PBXContainerItemProxy;
			containerPortal = 29B97313FDCFA39411CA2CEA /* Project object */;
			proxyType = 1;
			remoteGlobalIDString = 8D637B580E04A111008D3EBA;
			remoteInfo = "All Sensors";
		};
		8D637B920E04A2C7008D3EBA /* PBXContainerItemProxy */ = {
			isa = PBXContainerItemProxy;
			containerPortal = 29B97313FDCFA39411CA2CEA /* Project object */;
			proxyType = 1;
			remoteGlobalIDString = 8D637B8B0E04A280008D3EBA;
			remoteInfo = USBSensor;
		};
		8DA6081D0E1D941900066EA8 /* PBXContainerItemProxy */ = {
			isa = PBXContainerItemProxy;
			containerPortal = 29B97313FDCFA39411CA2CEA /* Project object */;
			proxyType = 1;
			remoteGlobalIDString = 8DA607F50E1D931A00066EA8;
			remoteInfo = IPSensor;
		};
/* End PBXContainerItemProxy section */

/* Begin PBXCopyFilesBuildPhase section */
		8D56759E0E010EC200EFEBA2 /* CopyFiles */ = {
			isa = PBXCopyFilesBuildPhase;
			buildActionMask = 2147483647;
			dstPath = "";
			dstSubfolderSpec = 13;
			files = (
				8DA6081F0E1D942A00066EA8 /* IPSensor.sensor in CopyFiles */,
				8D1B848C0E0A7A6700D47563 /* PowerSensor.sensor in CopyFiles */,
				8D0EACFE0E07AEA2004ABEF2 /* LightSensor.sensor in CopyFiles */,
				8D637BC10E04A637008D3EBA /* USBSensor.sensor in CopyFiles */,
				8D637B7F0E04A1E3008D3EBA /* TimeOfDaySensor.sensor in CopyFiles */,
			);
			runOnlyForDeploymentPostprocessing = 0;
		};
/* End PBXCopyFilesBuildPhase section */

/* Begin PBXFileReference section */
		1058C7A1FEA54F0111CA2CBB /* Cocoa.framework */ = {isa = PBXFileReference; lastKnownFileType = wrapper.framework; name = Cocoa.framework; path = /System/Library/Frameworks/Cocoa.framework; sourceTree = "<absolute>"; };
		13E42FB307B3F0F600E4EEF1 /* CoreData.framework */ = {isa = PBXFileReference; lastKnownFileType = wrapper.framework; name = CoreData.framework; path = /System/Library/Frameworks/CoreData.framework; sourceTree = "<absolute>"; };
		29B97316FDCFA39411CA2CEA /* main.m */ = {isa = PBXFileReference; fileEncoding = 4; indentWidth = 8; lastKnownFileType = sourcecode.c.objc; name = main.m; path = Source/main.m; sourceTree = "<group>"; tabWidth = 8; };
		29B97324FDCFA39411CA2CEA /* AppKit.framework */ = {isa = PBXFileReference; lastKnownFileType = wrapper.framework; name = AppKit.framework; path = /System/Library/Frameworks/AppKit.framework; sourceTree = "<absolute>"; };
		29B97325FDCFA39411CA2CEA /* Foundation.framework */ = {isa = PBXFileReference; lastKnownFileType = wrapper.framework; name = Foundation.framework; path = /System/Library/Frameworks/Foundation.framework; sourceTree = "<absolute>"; };
		32CA4F630368D1EE00C91783 /* MarcoPolo.pch */ = {isa = PBXFileReference; fileEncoding = 4; lastKnownFileType = sourcecode.c.h; name = MarcoPolo.pch; path = Source/MarcoPolo.pch; sourceTree = "<group>"; };
		8D0EACA40E07A931004ABEF2 /* LightSensor-Info.plist */ = {isa = PBXFileReference; lastKnownFileType = text.plist.xml; name = "LightSensor-Info.plist"; path = "Sensors/LightSensor/LightSensor-Info.plist"; sourceTree = "<group>"; };
		8D0EACB00E07A99C004ABEF2 /* LightSensor.sensor */ = {isa = PBXFileReference; explicitFileType = wrapper.cfbundle; includeInIndex = 0; path = LightSensor.sensor; sourceTree = BUILT_PRODUCTS_DIR; };
		8D0EACC30E07AB1C004ABEF2 /* LightSensor.h */ = {isa = PBXFileReference; fileEncoding = 4; lastKnownFileType = sourcecode.c.h; name = LightSensor.h; path = Sensors/LightSensor/LightSensor.h; sourceTree = "<group>"; };
		8D0EACC40E07AB1C004ABEF2 /* LightSensor.m */ = {isa = PBXFileReference; fileEncoding = 4; lastKnownFileType = sourcecode.c.objc; name = LightSensor.m; path = Sensors/LightSensor/LightSensor.m; sourceTree = "<group>"; };
		8D1107310486CEB800E47090 /* Info.plist */ = {isa = PBXFileReference; fileEncoding = 4; lastKnownFileType = text.plist.xml; name = Info.plist; path = Resources/Info.plist; sourceTree = "<group>"; };
		8D1107320486CEB800E47090 /* MarcoPolo.app */ = {isa = PBXFileReference; explicitFileType = wrapper.application; includeInIndex = 0; path = MarcoPolo.app; sourceTree = BUILT_PRODUCTS_DIR; };
		8D16A7070E8F66C900765403 /* GeneralPrefs.nib */ = {isa = PBXFileReference; lastKnownFileType = wrapper.nib; name = GeneralPrefs.nib; path = Resources/GeneralPrefs.nib; sourceTree = "<group>"; };
		8D16A79E0E8FB1FE00765403 /* GeneralPrefs.tiff */ = {isa = PBXFileReference; lastKnownFileType = image.tiff; name = GeneralPrefs.tiff; path = Resources/GeneralPrefs.tiff; sourceTree = "<group>"; };
		8D1B84620E0A79AA00D47563 /* PowerSensor.sensor */ = {isa = PBXFileReference; explicitFileType = wrapper.cfbundle; includeInIndex = 0; path = PowerSensor.sensor; sourceTree = BUILT_PRODUCTS_DIR; };
		8D1B847D0E0A7A1E00D47563 /* PowerSensor-Info.plist */ = {isa = PBXFileReference; fileEncoding = 4; lastKnownFileType = text.plist.xml; name = "PowerSensor-Info.plist"; path = "Sensors/PowerSensor/PowerSensor-Info.plist"; sourceTree = "<group>"; };
		8D1B847E0E0A7A1E00D47563 /* PowerSensor.h */ = {isa = PBXFileReference; fileEncoding = 4; lastKnownFileType = sourcecode.c.h; name = PowerSensor.h; path = Sensors/PowerSensor/PowerSensor.h; sourceTree = "<group>"; };
		8D1B847F0E0A7A1E00D47563 /* PowerSensor.m */ = {isa = PBXFileReference; fileEncoding = 4; lastKnownFileType = sourcecode.c.objc; name = PowerSensor.m; path = Sensors/PowerSensor/PowerSensor.m; sourceTree = "<group>"; };
		8D2CEBA20E92F8BB00E1895A /* RulesPrefs.tiff */ = {isa = PBXFileReference; lastKnownFileType = image.tiff; name = RulesPrefs.tiff; path = Resources/RulesPrefs.tiff; sourceTree = "<group>"; };
		8D2CEBA40E92F9AD00E1895A /* ContextsPrefs.nib */ = {isa = PBXFileReference; lastKnownFileType = wrapper.nib; name = ContextsPrefs.nib; path = Resources/ContextsPrefs.nib; sourceTree = "<group>"; };
		8D2CEBA60E92F9D600E1895A /* ContextsPrefs.tiff */ = {isa = PBXFileReference; lastKnownFileType = image.tiff; name = ContextsPrefs.tiff; path = Resources/ContextsPrefs.tiff; sourceTree = "<group>"; };
		8D2E7D290E943C3500121762 /* ContextsController.h */ = {isa = PBXFileReference; fileEncoding = 4; lastKnownFileType = sourcecode.c.h; name = ContextsController.h; path = Source/ContextsController.h; sourceTree = "<group>"; };
		8D2E7D2A0E943C3500121762 /* ContextsController.m */ = {isa = PBXFileReference; fileEncoding = 4; lastKnownFileType = sourcecode.c.objc; name = ContextsController.m; path = Source/ContextsController.m; sourceTree = "<group>"; };
		8D35C5F80DFE7F7D00AF7A7D /* Context.h */ = {isa = PBXFileReference; fileEncoding = 4; lastKnownFileType = sourcecode.c.h; name = Context.h; path = Source/Context.h; sourceTree = "<group>"; };
		8D35C5F90DFE7F7D00AF7A7D /* Context.m */ = {isa = PBXFileReference; fileEncoding = 4; lastKnownFileType = sourcecode.c.objc; name = Context.m; path = Source/Context.m; sourceTree = "<group>"; };
		8D35C6090DFE851A00AF7A7D /* ContextTest.h */ = {isa = PBXFileReference; fileEncoding = 4; lastKnownFileType = sourcecode.c.h; name = ContextTest.h; path = Source/ContextTest.h; sourceTree = "<group>"; };
		8D35C60A0DFE851A00AF7A7D /* ContextTest.m */ = {isa = PBXFileReference; fileEncoding = 4; lastKnownFileType = sourcecode.c.objc; name = ContextTest.m; path = Source/ContextTest.m; sourceTree = "<group>"; };
		8D35C6260DFE999200AF7A7D /* ContextGroup.h */ = {isa = PBXFileReference; fileEncoding = 4; lastKnownFileType = sourcecode.c.h; name = ContextGroup.h; path = Source/ContextGroup.h; sourceTree = "<group>"; };
		8D35C6270DFE999200AF7A7D /* ContextGroup.m */ = {isa = PBXFileReference; fileEncoding = 4; lastKnownFileType = sourcecode.c.objc; name = ContextGroup.m; path = Source/ContextGroup.m; sourceTree = "<group>"; };
		8D35C6300DFE9C2400AF7A7D /* ContextGroupTest.h */ = {isa = PBXFileReference; fileEncoding = 4; lastKnownFileType = sourcecode.c.h; name = ContextGroupTest.h; path = Source/ContextGroupTest.h; sourceTree = "<group>"; };
		8D35C6310DFE9C2400AF7A7D /* ContextGroupTest.m */ = {isa = PBXFileReference; fileEncoding = 4; lastKnownFileType = sourcecode.c.objc; name = ContextGroupTest.m; path = Source/ContextGroupTest.m; sourceTree = "<group>"; };
		8D56752D0E01055E00EFEBA2 /* TimeOfDaySensor.sensor */ = {isa = PBXFileReference; explicitFileType = wrapper.cfbundle; includeInIndex = 0; path = TimeOfDaySensor.sensor; sourceTree = BUILT_PRODUCTS_DIR; };
		8D56752E0E01055E00EFEBA2 /* TimeOfDaySensor-Info.plist */ = {isa = PBXFileReference; lastKnownFileType = text.plist.xml; name = "TimeOfDaySensor-Info.plist"; path = "Sensors/TimeOfDaySensor/TimeOfDaySensor-Info.plist"; sourceTree = "<group>"; };
		8D56753A0E0105AC00EFEBA2 /* TimeOfDaySensor.h */ = {isa = PBXFileReference; fileEncoding = 4; lastKnownFileType = sourcecode.c.h; name = TimeOfDaySensor.h; path = Sensors/TimeOfDaySensor/TimeOfDaySensor.h; sourceTree = "<group>"; };
		8D56753B0E0105AC00EFEBA2 /* TimeOfDaySensor.m */ = {isa = PBXFileReference; fileEncoding = 4; lastKnownFileType = sourcecode.c.objc; name = TimeOfDaySensor.m; path = Sensors/TimeOfDaySensor/TimeOfDaySensor.m; sourceTree = "<group>"; };
		8D56757A0E0109CD00EFEBA2 /* SensorTester.app */ = {isa = PBXFileReference; explicitFileType = wrapper.application; includeInIndex = 0; path = SensorTester.app; sourceTree = BUILT_PRODUCTS_DIR; };
		8D56757C0E0109CD00EFEBA2 /* SensorTester-Info.plist */ = {isa = PBXFileReference; lastKnownFileType = text.plist.xml; name = "SensorTester-Info.plist"; path = "Resources/SensorTester-Info.plist"; sourceTree = "<group>"; };
		8D5675910E010AE800EFEBA2 /* SensorTester.nib */ = {isa = PBXFileReference; lastKnownFileType = wrapper.nib; name = SensorTester.nib; path = Resources/SensorTester.nib; sourceTree = "<group>"; };
		8D5675950E010C9200EFEBA2 /* SensorArrayController.h */ = {isa = PBXFileReference; fileEncoding = 4; lastKnownFileType = sourcecode.c.h; name = SensorArrayController.h; path = Source/SensorArrayController.h; sourceTree = "<group>"; };
		8D5675960E010C9200EFEBA2 /* SensorArrayController.m */ = {isa = PBXFileReference; fileEncoding = 4; lastKnownFileType = sourcecode.c.objc; name = SensorArrayController.m; path = Source/SensorArrayController.m; sourceTree = "<group>"; };
		8D56765D0E01EDD300EFEBA2 /* SensorController.h */ = {isa = PBXFileReference; fileEncoding = 4; lastKnownFileType = sourcecode.c.h; name = SensorController.h; path = Source/SensorController.h; sourceTree = "<group>"; };
		8D56765E0E01EDD300EFEBA2 /* SensorController.m */ = {isa = PBXFileReference; fileEncoding = 4; lastKnownFileType = sourcecode.c.objc; name = SensorController.m; path = Source/SensorController.m; sourceTree = "<group>"; };
		8D5A064D0DFFBE60009346BF /* Sensor.h */ = {isa = PBXFileReference; fileEncoding = 4; lastKnownFileType = sourcecode.c.h; name = Sensor.h; path = Source/Sensor.h; sourceTree = "<group>"; };
		8D637B8C0E04A280008D3EBA /* USBSensor.sensor */ = {isa = PBXFileReference; explicitFileType = wrapper.cfbundle; includeInIndex = 0; path = USBSensor.sensor; sourceTree = BUILT_PRODUCTS_DIR; };
		8D637B8D0E04A280008D3EBA /* USBSensor-Info.plist */ = {isa = PBXFileReference; lastKnownFileType = text.plist.xml; name = "USBSensor-Info.plist"; path = "Sensors/USBSensor/USBSensor-Info.plist"; sourceTree = "<group>"; };
		8D637B980E04A332008D3EBA /* USBSensor.h */ = {isa = PBXFileReference; fileEncoding = 4; lastKnownFileType = sourcecode.c.h; name = USBSensor.h; path = Sensors/USBSensor/USBSensor.h; sourceTree = "<group>"; };
		8D637B990E04A332008D3EBA /* USBSensor.m */ = {isa = PBXFileReference; fileEncoding = 4; lastKnownFileType = sourcecode.c.objc; name = USBSensor.m; path = Sensors/USBSensor/USBSensor.m; sourceTree = "<group>"; };
		8D637BAB0E04A61C008D3EBA /* IOKit.framework */ = {isa = PBXFileReference; lastKnownFileType = wrapper.framework; name = IOKit.framework; path = /System/Library/Frameworks/IOKit.framework; sourceTree = "<absolute>"; };
		8D637C240E04CD32008D3EBA /* USBVendorDB.h */ = {isa = PBXFileReference; fileEncoding = 4; lastKnownFileType = sourcecode.c.h; name = USBVendorDB.h; path = Sensors/USBSensor/USBVendorDB.h; sourceTree = "<group>"; };
		8D637C250E04CD32008D3EBA /* USBVendorDB.m */ = {isa = PBXFileReference; fileEncoding = 4; lastKnownFileType = sourcecode.c.objc; name = USBVendorDB.m; path = Sensors/USBSensor/USBVendorDB.m; sourceTree = "<group>"; };
		8D637C3D0E04CEB7008D3EBA /* usb-vendors.txt */ = {isa = PBXFileReference; fileEncoding = 4; lastKnownFileType = text; name = "usb-vendors.txt"; path = "Resources/usb-vendors.txt"; sourceTree = "<group>"; };
		8D637C580E04D2DD008D3EBA /* USBDevice.h */ = {isa = PBXFileReference; fileEncoding = 4; lastKnownFileType = sourcecode.c.h; name = USBDevice.h; path = Sensors/USBSensor/USBDevice.h; sourceTree = "<group>"; };
		8D637C590E04D2DD008D3EBA /* USBDevice.m */ = {isa = PBXFileReference; fileEncoding = 4; lastKnownFileType = sourcecode.c.objc; name = USBDevice.m; path = Sensors/USBSensor/USBDevice.m; sourceTree = "<group>"; };
		8D76DEDA0E371C7800DF4015 /* Rule.h */ = {isa = PBXFileReference; fileEncoding = 4; lastKnownFileType = sourcecode.c.h; name = Rule.h; path = Source/Rule.h; sourceTree = "<group>"; };
		8D76DEE60E371D3B00DF4015 /* ExactRule.h */ = {isa = PBXFileReference; fileEncoding = 4; lastKnownFileType = sourcecode.c.h; name = ExactRule.h; path = Source/ExactRule.h; sourceTree = "<group>"; };
		8D76DEE70E371D3B00DF4015 /* ExactRule.m */ = {isa = PBXFileReference; fileEncoding = 4; lastKnownFileType = sourcecode.c.objc; name = ExactRule.m; path = Source/ExactRule.m; sourceTree = "<group>"; };
		8D76DEF90E371FBC00DF4015 /* RuleSet.h */ = {isa = PBXFileReference; fileEncoding = 4; lastKnownFileType = sourcecode.c.h; name = RuleSet.h; path = Source/RuleSet.h; sourceTree = "<group>"; };
		8D76DEFA0E371FBC00DF4015 /* RuleSet.m */ = {isa = PBXFileReference; fileEncoding = 4; lastKnownFileType = sourcecode.c.objc; name = RuleSet.m; path = Source/RuleSet.m; sourceTree = "<group>"; };
		8D79064E0E984CA8001F38AF /* ContextTree.h */ = {isa = PBXFileReference; fileEncoding = 4; lastKnownFileType = sourcecode.c.h; name = ContextTree.h; path = Source/ContextTree.h; sourceTree = "<group>"; };
		8D79064F0E984CA8001F38AF /* ContextTree.m */ = {isa = PBXFileReference; fileEncoding = 4; lastKnownFileType = sourcecode.c.objc; name = ContextTree.m; path = Source/ContextTree.m; sourceTree = "<group>"; };
		8D7906660E98837D001F38AF /* ContextTreeTest.h */ = {isa = PBXFileReference; fileEncoding = 4; lastKnownFileType = sourcecode.c.h; name = ContextTreeTest.h; path = Source/ContextTreeTest.h; sourceTree = "<group>"; };
		8D7906670E98837D001F38AF /* ContextTreeTest.m */ = {isa = PBXFileReference; fileEncoding = 4; lastKnownFileType = sourcecode.c.objc; name = ContextTreeTest.m; path = Source/ContextTreeTest.m; sourceTree = "<group>"; };
		8D7D5A280E94BE1C005279AD /* ContextsView.h */ = {isa = PBXFileReference; fileEncoding = 4; lastKnownFileType = sourcecode.c.h; name = ContextsView.h; path = Source/ContextsView.h; sourceTree = "<group>"; };
		8D7D5A290E94BE1C005279AD /* ContextsView.m */ = {isa = PBXFileReference; fileEncoding = 4; lastKnownFileType = sourcecode.c.objc; name = ContextsView.m; path = Source/ContextsView.m; sourceTree = "<group>"; };
		8D7D5AB90E958D9C005279AD /* PreferencesPaneController.h */ = {isa = PBXFileReference; fileEncoding = 4; lastKnownFileType = sourcecode.c.h; name = PreferencesPaneController.h; path = Source/PreferencesPaneController.h; sourceTree = "<group>"; };
		8D7D5ABA0E958D9C005279AD /* PreferencesPaneController.m */ = {isa = PBXFileReference; fileEncoding = 4; lastKnownFileType = sourcecode.c.objc; name = PreferencesPaneController.m; path = Source/PreferencesPaneController.m; sourceTree = "<group>"; };
		8D93F7850E50FB0000AE3E1E /* LogicRuleTest.h */ = {isa = PBXFileReference; fileEncoding = 4; lastKnownFileType = sourcecode.c.h; name = LogicRuleTest.h; path = Source/LogicRuleTest.h; sourceTree = "<group>"; };
		8D93F7860E50FB0000AE3E1E /* LogicRuleTest.m */ = {isa = PBXFileReference; fileEncoding = 4; lastKnownFileType = sourcecode.c.objc; name = LogicRuleTest.m; path = Source/LogicRuleTest.m; sourceTree = "<group>"; };
		8DA607F60E1D931A00066EA8 /* IPSensor.sensor */ = {isa = PBXFileReference; explicitFileType = wrapper.cfbundle; includeInIndex = 0; path = IPSensor.sensor; sourceTree = BUILT_PRODUCTS_DIR; };
		8DA607F70E1D931A00066EA8 /* IPSensor-Info.plist */ = {isa = PBXFileReference; lastKnownFileType = text.plist.xml; name = "IPSensor-Info.plist"; path = "Sensors/IPSensor/IPSensor-Info.plist"; sourceTree = "<group>"; };
		8DA608070E1D93C600066EA8 /* IPSensor.h */ = {isa = PBXFileReference; fileEncoding = 4; lastKnownFileType = sourcecode.c.h; name = IPSensor.h; path = Sensors/IPSensor/IPSensor.h; sourceTree = "<group>"; };
		8DA608080E1D93C600066EA8 /* IPSensor.m */ = {isa = PBXFileReference; fileEncoding = 4; lastKnownFileType = sourcecode.c.objc; name = IPSensor.m; path = Sensors/IPSensor/IPSensor.m; sourceTree = "<group>"; };
		8DA608620E1D977500066EA8 /* SystemConfiguration.framework */ = {isa = PBXFileReference; lastKnownFileType = wrapper.framework; name = SystemConfiguration.framework; path = /System/Library/Frameworks/SystemConfiguration.framework; sourceTree = "<absolute>"; };
		8DA7FE170E064F6F00248CF8 /* MockSensor.h */ = {isa = PBXFileReference; fileEncoding = 4; lastKnownFileType = sourcecode.c.h; name = MockSensor.h; path = Source/MockSensor.h; sourceTree = "<group>"; };
		8DA7FE180E064F6F00248CF8 /* MockSensor.m */ = {isa = PBXFileReference; fileEncoding = 4; lastKnownFileType = sourcecode.c.objc; name = MockSensor.m; path = Source/MockSensor.m; sourceTree = "<group>"; };
		8DA7FE290E06519000248CF8 /* SensorControllerTest.h */ = {isa = PBXFileReference; fileEncoding = 4; lastKnownFileType = sourcecode.c.h; name = SensorControllerTest.h; path = Source/SensorControllerTest.h; sourceTree = "<group>"; };
		8DA7FE2A0E06519000248CF8 /* SensorControllerTest.m */ = {isa = PBXFileReference; fileEncoding = 4; lastKnownFileType = sourcecode.c.objc; name = SensorControllerTest.m; path = Source/SensorControllerTest.m; sourceTree = "<group>"; };
		8DBB44820E8B01F300B2D66F /* PreferencesController.h */ = {isa = PBXFileReference; fileEncoding = 4; lastKnownFileType = sourcecode.c.h; name = PreferencesController.h; path = Source/PreferencesController.h; sourceTree = "<group>"; };
		8DBB44830E8B01F300B2D66F /* PreferencesController.m */ = {isa = PBXFileReference; fileEncoding = 4; lastKnownFileType = sourcecode.c.objc; name = PreferencesController.m; path = Source/PreferencesController.m; sourceTree = "<group>"; };
		8DBE19910E39C93E002AC5EC /* ExactRuleTest.h */ = {isa = PBXFileReference; fileEncoding = 4; lastKnownFileType = sourcecode.c.h; name = ExactRuleTest.h; path = Source/ExactRuleTest.h; sourceTree = "<group>"; };
		8DBE19920E39C93E002AC5EC /* ExactRuleTest.m */ = {isa = PBXFileReference; fileEncoding = 4; lastKnownFileType = sourcecode.c.objc; name = ExactRuleTest.m; path = Source/ExactRuleTest.m; sourceTree = "<group>"; };
		8DBE19DE0E39CE7A002AC5EC /* LogicRule.h */ = {isa = PBXFileReference; fileEncoding = 4; lastKnownFileType = sourcecode.c.h; name = LogicRule.h; path = Source/LogicRule.h; sourceTree = "<group>"; };
		8DBE19DF0E39CE7A002AC5EC /* LogicRule.m */ = {isa = PBXFileReference; fileEncoding = 4; lastKnownFileType = sourcecode.c.objc; name = LogicRule.m; path = Source/LogicRule.m; sourceTree = "<group>"; };
		8DBF0AC00E1A2902009F1FCE /* ValueSet.h */ = {isa = PBXFileReference; fileEncoding = 4; lastKnownFileType = sourcecode.c.h; name = ValueSet.h; path = Source/ValueSet.h; sourceTree = "<group>"; };
		8DBF0AC10E1A2902009F1FCE /* ValueSet.m */ = {isa = PBXFileReference; fileEncoding = 4; lastKnownFileType = sourcecode.c.objc; name = ValueSet.m; path = Source/ValueSet.m; sourceTree = "<group>"; };
		8DBF0AC20E1A2902009F1FCE /* ValueSetTest.h */ = {isa = PBXFileReference; fileEncoding = 4; lastKnownFileType = sourcecode.c.h; name = ValueSetTest.h; path = Source/ValueSetTest.h; sourceTree = "<group>"; };
		8DBF0AC30E1A2902009F1FCE /* ValueSetTest.m */ = {isa = PBXFileReference; fileEncoding = 4; lastKnownFileType = sourcecode.c.objc; name = ValueSetTest.m; path = Source/ValueSetTest.m; sourceTree = "<group>"; };
		8DE55AD20DFE7AF800D79CF0 /* Unit Tests.octest */ = {isa = PBXFileReference; explicitFileType = wrapper.cfbundle; includeInIndex = 0; path = "Unit Tests.octest"; sourceTree = BUILT_PRODUCTS_DIR; };
		8DE55AD30DFE7AF800D79CF0 /* Unit Tests-Info.plist */ = {isa = PBXFileReference; lastKnownFileType = text.plist.xml; name = "Unit Tests-Info.plist"; path = "Resources/Unit Tests-Info.plist"; sourceTree = "<group>"; };
		8DFEDA350E54E7140069AA8C /* MainMenu.nib */ = {isa = PBXFileReference; lastKnownFileType = wrapper.nib; name = MainMenu.nib; path = Resources/MainMenu.nib; sourceTree = "<group>"; };
		8DFEDA3A0E54E8C00069AA8C /* ApplicationController.h */ = {isa = PBXFileReference; fileEncoding = 4; lastKnownFileType = sourcecode.c.h; name = ApplicationController.h; path = Source/ApplicationController.h; sourceTree = "<group>"; };
		8DFEDA3B0E54E8C00069AA8C /* ApplicationController.m */ = {isa = PBXFileReference; fileEncoding = 4; lastKnownFileType = sourcecode.c.objc; name = ApplicationController.m; path = Source/ApplicationController.m; sourceTree = "<group>"; };
/* End PBXFileReference section */

/* Begin PBXFrameworksBuildPhase section */
		8D0EACAE0E07A99C004ABEF2 /* Frameworks */ = {
			isa = PBXFrameworksBuildPhase;
			buildActionMask = 2147483647;
			files = (
				8D0EACF40E07AE60004ABEF2 /* IOKit.framework in Frameworks */,
			);
			runOnlyForDeploymentPostprocessing = 0;
		};
		8D11072E0486CEB800E47090 /* Frameworks */ = {
			isa = PBXFrameworksBuildPhase;
			buildActionMask = 2147483647;
			files = (
				8D11072F0486CEB800E47090 /* Cocoa.framework in Frameworks */,
			);
			runOnlyForDeploymentPostprocessing = 0;
		};
		8D1B84600E0A79AA00D47563 /* Frameworks */ = {
			isa = PBXFrameworksBuildPhase;
			buildActionMask = 2147483647;
			files = (
				8D1B849E0E0A7DBE00D47563 /* IOKit.framework in Frameworks */,
			);
			runOnlyForDeploymentPostprocessing = 0;
		};
		8D56752B0E01055E00EFEBA2 /* Frameworks */ = {
			isa = PBXFrameworksBuildPhase;
			buildActionMask = 2147483647;
			files = (
			);
			runOnlyForDeploymentPostprocessing = 0;
		};
		8D5675780E0109CD00EFEBA2 /* Frameworks */ = {
			isa = PBXFrameworksBuildPhase;
			buildActionMask = 2147483647;
			files = (
			);
			runOnlyForDeploymentPostprocessing = 0;
		};
		8D637B8A0E04A280008D3EBA /* Frameworks */ = {
			isa = PBXFrameworksBuildPhase;
			buildActionMask = 2147483647;
			files = (
				8D637BAC0E04A61C008D3EBA /* IOKit.framework in Frameworks */,
			);
			runOnlyForDeploymentPostprocessing = 0;
		};
		8DA607F40E1D931A00066EA8 /* Frameworks */ = {
			isa = PBXFrameworksBuildPhase;
			buildActionMask = 2147483647;
			files = (
				8DA608630E1D977500066EA8 /* SystemConfiguration.framework in Frameworks */,
			);
			runOnlyForDeploymentPostprocessing = 0;
		};
		8DE55ACF0DFE7AF800D79CF0 /* Frameworks */ = {
			isa = PBXFrameworksBuildPhase;
			buildActionMask = 2147483647;
			files = (
			);
			runOnlyForDeploymentPostprocessing = 0;
		};
/* End PBXFrameworksBuildPhase section */

/* Begin PBXGroup section */
		080E96DDFE201D6D7F000001 /* Classes */ = {
			isa = PBXGroup;
			children = (
				8DA7FE280E06516400248CF8 /* Controllers */,
				8D35C5F70DFE7F3300AF7A7D /* Models */,
				8D7D5A270E94BDF5005279AD /* Views */,
			);
			name = Classes;
			sourceTree = "<group>";
		};
		1058C7A0FEA54F0111CA2CBB /* Linked Frameworks */ = {
			isa = PBXGroup;
			children = (
				1058C7A1FEA54F0111CA2CBB /* Cocoa.framework */,
			);
			name = "Linked Frameworks";
			sourceTree = "<group>";
		};
		1058C7A2FEA54F0111CA2CBB /* Other Frameworks */ = {
			isa = PBXGroup;
			children = (
				29B97324FDCFA39411CA2CEA /* AppKit.framework */,
				13E42FB307B3F0F600E4EEF1 /* CoreData.framework */,
				29B97325FDCFA39411CA2CEA /* Foundation.framework */,
			);
			name = "Other Frameworks";
			sourceTree = "<group>";
		};
		19C28FACFE9D520D11CA2CBB /* Products */ = {
			isa = PBXGroup;
			children = (
				8D1107320486CEB800E47090 /* MarcoPolo.app */,
				8DE55AD20DFE7AF800D79CF0 /* Unit Tests.octest */,
				8D56757A0E0109CD00EFEBA2 /* SensorTester.app */,
				8D56752D0E01055E00EFEBA2 /* TimeOfDaySensor.sensor */,
				8D637B8C0E04A280008D3EBA /* USBSensor.sensor */,
				8D0EACB00E07A99C004ABEF2 /* LightSensor.sensor */,
				8D1B84620E0A79AA00D47563 /* PowerSensor.sensor */,
				8DA607F60E1D931A00066EA8 /* IPSensor.sensor */,
			);
			name = Products;
			sourceTree = "<group>";
		};
		29B97314FDCFA39411CA2CEA /* MarcoPolo */ = {
			isa = PBXGroup;
			children = (
				080E96DDFE201D6D7F000001 /* Classes */,
				8D5675390E01058100EFEBA2 /* Sensors */,
				29B97315FDCFA39411CA2CEA /* Other Sources */,
				29B97317FDCFA39411CA2CEA /* Resources */,
				29B97323FDCFA39411CA2CEA /* Frameworks */,
				19C28FACFE9D520D11CA2CBB /* Products */,
			);
			name = MarcoPolo;
			sourceTree = "<group>";
		};
		29B97315FDCFA39411CA2CEA /* Other Sources */ = {
			isa = PBXGroup;
			children = (
				32CA4F630368D1EE00C91783 /* MarcoPolo.pch */,
				29B97316FDCFA39411CA2CEA /* main.m */,
			);
			name = "Other Sources";
			sourceTree = "<group>";
		};
		29B97317FDCFA39411CA2CEA /* Resources */ = {
			isa = PBXGroup;
			children = (
				8D16A7A00E8FB20100765403 /* Prefs */,
				8D637C3D0E04CEB7008D3EBA /* usb-vendors.txt */,
				8D56757C0E0109CD00EFEBA2 /* SensorTester-Info.plist */,
				8D1107310486CEB800E47090 /* Info.plist */,
				8DE55AD30DFE7AF800D79CF0 /* Unit Tests-Info.plist */,
				8D5675910E010AE800EFEBA2 /* SensorTester.nib */,
				8DFEDA350E54E7140069AA8C /* MainMenu.nib */,
			);
			name = Resources;
			sourceTree = "<group>";
		};
		29B97323FDCFA39411CA2CEA /* Frameworks */ = {
			isa = PBXGroup;
			children = (
				8DA608620E1D977500066EA8 /* SystemConfiguration.framework */,
				8D637BAB0E04A61C008D3EBA /* IOKit.framework */,
				1058C7A0FEA54F0111CA2CBB /* Linked Frameworks */,
				1058C7A2FEA54F0111CA2CBB /* Other Frameworks */,
			);
			name = Frameworks;
			sourceTree = "<group>";
		};
		8D16A7A00E8FB20100765403 /* Prefs */ = {
			isa = PBXGroup;
			children = (
				8D2CEBA40E92F9AD00E1895A /* ContextsPrefs.nib */,
				8D2CEBA60E92F9D600E1895A /* ContextsPrefs.tiff */,
				8D16A7070E8F66C900765403 /* GeneralPrefs.nib */,
				8D16A79E0E8FB1FE00765403 /* GeneralPrefs.tiff */,
				8D2CEBA20E92F8BB00E1895A /* RulesPrefs.tiff */,
			);
			name = Prefs;
			sourceTree = "<group>";
		};
		8D35C5F70DFE7F3300AF7A7D /* Models */ = {
			isa = PBXGroup;
			children = (
				8DBF0AC00E1A2902009F1FCE /* ValueSet.h */,
				8DBF0AC10E1A2902009F1FCE /* ValueSet.m */,
				8DBF0AC20E1A2902009F1FCE /* ValueSetTest.h */,
				8DBF0AC30E1A2902009F1FCE /* ValueSetTest.m */,
				8D35C5F80DFE7F7D00AF7A7D /* Context.h */,
				8D35C5F90DFE7F7D00AF7A7D /* Context.m */,
				8D35C6260DFE999200AF7A7D /* ContextGroup.h */,
				8D35C6270DFE999200AF7A7D /* ContextGroup.m */,
				8D35C6300DFE9C2400AF7A7D /* ContextGroupTest.h */,
				8D35C6310DFE9C2400AF7A7D /* ContextGroupTest.m */,
				8D35C6090DFE851A00AF7A7D /* ContextTest.h */,
				8D35C60A0DFE851A00AF7A7D /* ContextTest.m */,
				8D5A064D0DFFBE60009346BF /* Sensor.h */,
				8D76DEDA0E371C7800DF4015 /* Rule.h */,
				8D76DEE60E371D3B00DF4015 /* ExactRule.h */,
				8D76DEE70E371D3B00DF4015 /* ExactRule.m */,
				8D76DEF90E371FBC00DF4015 /* RuleSet.h */,
				8D76DEFA0E371FBC00DF4015 /* RuleSet.m */,
				8DBE19910E39C93E002AC5EC /* ExactRuleTest.h */,
				8DBE19920E39C93E002AC5EC /* ExactRuleTest.m */,
				8DBE19DE0E39CE7A002AC5EC /* LogicRule.h */,
				8DBE19DF0E39CE7A002AC5EC /* LogicRule.m */,
				8D93F7850E50FB0000AE3E1E /* LogicRuleTest.h */,
				8D93F7860E50FB0000AE3E1E /* LogicRuleTest.m */,
				8D79064E0E984CA8001F38AF /* ContextTree.h */,
				8D79064F0E984CA8001F38AF /* ContextTree.m */,
				8D7906660E98837D001F38AF /* ContextTreeTest.h */,
				8D7906670E98837D001F38AF /* ContextTreeTest.m */,
			);
			name = Models;
			sourceTree = "<group>";
		};
		8D5675390E01058100EFEBA2 /* Sensors */ = {
			isa = PBXGroup;
			children = (
				8DA607F70E1D931A00066EA8 /* IPSensor-Info.plist */,
				8D1B847D0E0A7A1E00D47563 /* PowerSensor-Info.plist */,
				8D1B847E0E0A7A1E00D47563 /* PowerSensor.h */,
				8D1B847F0E0A7A1E00D47563 /* PowerSensor.m */,
				8D0EACC30E07AB1C004ABEF2 /* LightSensor.h */,
				8D0EACC40E07AB1C004ABEF2 /* LightSensor.m */,
				8D0EACA40E07A931004ABEF2 /* LightSensor-Info.plist */,
				8D637C240E04CD32008D3EBA /* USBVendorDB.h */,
				8D637C250E04CD32008D3EBA /* USBVendorDB.m */,
				8D637B980E04A332008D3EBA /* USBSensor.h */,
				8D637B990E04A332008D3EBA /* USBSensor.m */,
				8D637B8D0E04A280008D3EBA /* USBSensor-Info.plist */,
				8D56752E0E01055E00EFEBA2 /* TimeOfDaySensor-Info.plist */,
				8D56753A0E0105AC00EFEBA2 /* TimeOfDaySensor.h */,
				8D56753B0E0105AC00EFEBA2 /* TimeOfDaySensor.m */,
				8D637C580E04D2DD008D3EBA /* USBDevice.h */,
				8D637C590E04D2DD008D3EBA /* USBDevice.m */,
				8DA7FE170E064F6F00248CF8 /* MockSensor.h */,
				8DA7FE180E064F6F00248CF8 /* MockSensor.m */,
				8DA608070E1D93C600066EA8 /* IPSensor.h */,
				8DA608080E1D93C600066EA8 /* IPSensor.m */,
			);
			name = Sensors;
			sourceTree = "<group>";
		};
		8D7D5A270E94BDF5005279AD /* Views */ = {
			isa = PBXGroup;
			children = (
				8D7D5A280E94BE1C005279AD /* ContextsView.h */,
				8D7D5A290E94BE1C005279AD /* ContextsView.m */,
			);
			name = Views;
			sourceTree = "<group>";
		};
		8DA7FE280E06516400248CF8 /* Controllers */ = {
			isa = PBXGroup;
			children = (
				8D5675950E010C9200EFEBA2 /* SensorArrayController.h */,
				8D5675960E010C9200EFEBA2 /* SensorArrayController.m */,
				8D56765D0E01EDD300EFEBA2 /* SensorController.h */,
				8D56765E0E01EDD300EFEBA2 /* SensorController.m */,
				8DA7FE290E06519000248CF8 /* SensorControllerTest.h */,
				8DA7FE2A0E06519000248CF8 /* SensorControllerTest.m */,
				8DFEDA3A0E54E8C00069AA8C /* ApplicationController.h */,
				8DFEDA3B0E54E8C00069AA8C /* ApplicationController.m */,
				8DBB44820E8B01F300B2D66F /* PreferencesController.h */,
				8DBB44830E8B01F300B2D66F /* PreferencesController.m */,
				8D7D5AB90E958D9C005279AD /* PreferencesPaneController.h */,
				8D7D5ABA0E958D9C005279AD /* PreferencesPaneController.m */,
				8D2E7D290E943C3500121762 /* ContextsController.h */,
				8D2E7D2A0E943C3500121762 /* ContextsController.m */,
			);
			name = Controllers;
			sourceTree = "<group>";
		};
/* End PBXGroup section */

/* Begin PBXNativeTarget section */
		8D0EACAF0E07A99C004ABEF2 /* LightSensor */ = {
			isa = PBXNativeTarget;
			buildConfigurationList = 8D0EACBD0E07A99D004ABEF2 /* Build configuration list for PBXNativeTarget "LightSensor" */;
			buildPhases = (
				8D0EACAC0E07A99C004ABEF2 /* Resources */,
				8D0EACAD0E07A99C004ABEF2 /* Sources */,
				8D0EACAE0E07A99C004ABEF2 /* Frameworks */,
			);
			buildRules = (
			);
			dependencies = (
			);
			name = LightSensor;
			productName = LightSensor;
			productReference = 8D0EACB00E07A99C004ABEF2 /* LightSensor.sensor */;
			productType = "com.apple.product-type.bundle";
		};
		8D1107260486CEB800E47090 /* MarcoPolo */ = {
			isa = PBXNativeTarget;
			buildConfigurationList = C01FCF4A08A954540054247B /* Build configuration list for PBXNativeTarget "MarcoPolo" */;
			buildPhases = (
				8D1107290486CEB800E47090 /* Resources */,
				8D11072C0486CEB800E47090 /* Sources */,
				8D11072E0486CEB800E47090 /* Frameworks */,
			);
			buildRules = (
			);
			dependencies = (
				8D637B600E04A145008D3EBA /* PBXTargetDependency */,
			);
			name = MarcoPolo;
			productInstallPath = "$(HOME)/Applications";
			productName = MarcoPolo;
			productReference = 8D1107320486CEB800E47090 /* MarcoPolo.app */;
			productType = "com.apple.product-type.application";
		};
		8D1B84610E0A79AA00D47563 /* PowerSensor */ = {
			isa = PBXNativeTarget;
			buildConfigurationList = 8D1B84660E0A79AB00D47563 /* Build configuration list for PBXNativeTarget "PowerSensor" */;
			buildPhases = (
				8D1B845E0E0A79AA00D47563 /* Resources */,
				8D1B845F0E0A79AA00D47563 /* Sources */,
				8D1B84600E0A79AA00D47563 /* Frameworks */,
			);
			buildRules = (
			);
			dependencies = (
			);
			name = PowerSensor;
			productName = PowerSensor;
			productReference = 8D1B84620E0A79AA00D47563 /* PowerSensor.sensor */;
			productType = "com.apple.product-type.bundle";
		};
		8D56752C0E01055E00EFEBA2 /* TimeOfDaySensor */ = {
			isa = PBXNativeTarget;
			buildConfigurationList = 8D5675320E01055F00EFEBA2 /* Build configuration list for PBXNativeTarget "TimeOfDaySensor" */;
			buildPhases = (
				8D5675290E01055E00EFEBA2 /* Resources */,
				8D56752A0E01055E00EFEBA2 /* Sources */,
				8D56752B0E01055E00EFEBA2 /* Frameworks */,
			);
			buildRules = (
			);
			dependencies = (
			);
			name = TimeOfDaySensor;
			productName = TimeOfDaySensor;
			productReference = 8D56752D0E01055E00EFEBA2 /* TimeOfDaySensor.sensor */;
			productType = "com.apple.product-type.bundle";
		};
		8D5675790E0109CD00EFEBA2 /* SensorTester */ = {
			isa = PBXNativeTarget;
			buildConfigurationList = 8D56757F0E0109CE00EFEBA2 /* Build configuration list for PBXNativeTarget "SensorTester" */;
			buildPhases = (
				8D5675760E0109CD00EFEBA2 /* Resources */,
				8D5675770E0109CD00EFEBA2 /* Sources */,
				8D5675780E0109CD00EFEBA2 /* Frameworks */,
				8D56759E0E010EC200EFEBA2 /* CopyFiles */,
			);
			buildRules = (
			);
			dependencies = (
				8D637B5E0E04A13E008D3EBA /* PBXTargetDependency */,
			);
			name = SensorTester;
			productName = SensorTester;
			productReference = 8D56757A0E0109CD00EFEBA2 /* SensorTester.app */;
			productType = "com.apple.product-type.application";
		};
		8D637B8B0E04A280008D3EBA /* USBSensor */ = {
			isa = PBXNativeTarget;
			buildConfigurationList = 8D637B900E04A280008D3EBA /* Build configuration list for PBXNativeTarget "USBSensor" */;
			buildPhases = (
				8D637B880E04A280008D3EBA /* Resources */,
				8D637B890E04A280008D3EBA /* Sources */,
				8D637B8A0E04A280008D3EBA /* Frameworks */,
			);
			buildRules = (
			);
			dependencies = (
			);
			name = USBSensor;
			productName = USBSensor;
			productReference = 8D637B8C0E04A280008D3EBA /* USBSensor.sensor */;
			productType = "com.apple.product-type.bundle";
		};
		8DA607F50E1D931A00066EA8 /* IPSensor */ = {
			isa = PBXNativeTarget;
			buildConfigurationList = 8DA607FA0E1D931B00066EA8 /* Build configuration list for PBXNativeTarget "IPSensor" */;
			buildPhases = (
				8DA607F20E1D931A00066EA8 /* Resources */,
				8DA607F30E1D931A00066EA8 /* Sources */,
				8DA607F40E1D931A00066EA8 /* Frameworks */,
			);
			buildRules = (
			);
			dependencies = (
			);
			name = IPSensor;
			productName = IPSensor;
			productReference = 8DA607F60E1D931A00066EA8 /* IPSensor.sensor */;
			productType = "com.apple.product-type.bundle";
		};
		8DE55AD10DFE7AF800D79CF0 /* Unit Tests */ = {
			isa = PBXNativeTarget;
			buildConfigurationList = 8DE55AD60DFE7AF900D79CF0 /* Build configuration list for PBXNativeTarget "Unit Tests" */;
			buildPhases = (
				8DE55ACD0DFE7AF800D79CF0 /* Resources */,
				8DE55ACE0DFE7AF800D79CF0 /* Sources */,
				8DE55ACF0DFE7AF800D79CF0 /* Frameworks */,
				8DE55AD00DFE7AF800D79CF0 /* ShellScript */,
			);
			buildRules = (
			);
			dependencies = (
			);
			name = "Unit Tests";
			productName = "Unit Tests";
			productReference = 8DE55AD20DFE7AF800D79CF0 /* Unit Tests.octest */;
			productType = "com.apple.product-type.bundle";
		};
/* End PBXNativeTarget section */

/* Begin PBXProject section */
		29B97313FDCFA39411CA2CEA /* Project object */ = {
			isa = PBXProject;
			buildConfigurationList = C01FCF4E08A954540054247B /* Build configuration list for PBXProject "MarcoPolo" */;
			compatibilityVersion = "Xcode 2.4";
			hasScannedForEncodings = 1;
			mainGroup = 29B97314FDCFA39411CA2CEA /* MarcoPolo */;
			projectDirPath = "";
			projectRoot = "";
			targets = (
				8D1107260486CEB800E47090 /* MarcoPolo */,
				8D5675790E0109CD00EFEBA2 /* SensorTester */,
				8DE55AD10DFE7AF800D79CF0 /* Unit Tests */,
				8D637B580E04A111008D3EBA /* All Sensors */,
				8D0EACAF0E07A99C004ABEF2 /* LightSensor */,
				8D1B84610E0A79AA00D47563 /* PowerSensor */,
				8D56752C0E01055E00EFEBA2 /* TimeOfDaySensor */,
				8D637B8B0E04A280008D3EBA /* USBSensor */,
				8DA607F50E1D931A00066EA8 /* IPSensor */,
			);
		};
/* End PBXProject section */

/* Begin PBXResourcesBuildPhase section */
		8D0EACAC0E07A99C004ABEF2 /* Resources */ = {
			isa = PBXResourcesBuildPhase;
			buildActionMask = 2147483647;
			files = (
				8D0EACC10E07AAA6004ABEF2 /* LightSensor-Info.plist in Resources */,
			);
			runOnlyForDeploymentPostprocessing = 0;
		};
		8D1107290486CEB800E47090 /* Resources */ = {
			isa = PBXResourcesBuildPhase;
			buildActionMask = 2147483647;
			files = (
				8DFEDA360E54E7140069AA8C /* MainMenu.nib in Resources */,
				8D16A7080E8F66C900765403 /* GeneralPrefs.nib in Resources */,
				8D16A79F0E8FB1FE00765403 /* GeneralPrefs.tiff in Resources */,
				8D2CEBA30E92F8BB00E1895A /* RulesPrefs.tiff in Resources */,
				8D2CEBA50E92F9AD00E1895A /* ContextsPrefs.nib in Resources */,
				8D2CEBA70E92F9D600E1895A /* ContextsPrefs.tiff in Resources */,
			);
			runOnlyForDeploymentPostprocessing = 0;
		};
		8D1B845E0E0A79AA00D47563 /* Resources */ = {
			isa = PBXResourcesBuildPhase;
			buildActionMask = 2147483647;
			files = (
				8D1B84800E0A7A1E00D47563 /* PowerSensor-Info.plist in Resources */,
			);
			runOnlyForDeploymentPostprocessing = 0;
		};
		8D5675290E01055E00EFEBA2 /* Resources */ = {
			isa = PBXResourcesBuildPhase;
			buildActionMask = 2147483647;
			files = (
				8D56756A0E01088A00EFEBA2 /* TimeOfDaySensor-Info.plist in Resources */,
			);
			runOnlyForDeploymentPostprocessing = 0;
		};
		8D5675760E0109CD00EFEBA2 /* Resources */ = {
			isa = PBXResourcesBuildPhase;
			buildActionMask = 2147483647;
			files = (
				8D5675920E010AE800EFEBA2 /* SensorTester.nib in Resources */,
			);
			runOnlyForDeploymentPostprocessing = 0;
		};
		8D637B880E04A280008D3EBA /* Resources */ = {
			isa = PBXResourcesBuildPhase;
			buildActionMask = 2147483647;
			files = (
				8D637B940E04A2E3008D3EBA /* USBSensor-Info.plist in Resources */,
				8D637C3E0E04CEB7008D3EBA /* usb-vendors.txt in Resources */,
			);
			runOnlyForDeploymentPostprocessing = 0;
		};
		8DA607F20E1D931A00066EA8 /* Resources */ = {
			isa = PBXResourcesBuildPhase;
			buildActionMask = 2147483647;
			files = (
				8DA608060E1D93A600066EA8 /* IPSensor-Info.plist in Resources */,
			);
			runOnlyForDeploymentPostprocessing = 0;
		};
		8DE55ACD0DFE7AF800D79CF0 /* Resources */ = {
			isa = PBXResourcesBuildPhase;
			buildActionMask = 2147483647;
			files = (
			);
			runOnlyForDeploymentPostprocessing = 0;
		};
/* End PBXResourcesBuildPhase section */

/* Begin PBXShellScriptBuildPhase section */
		8DE55AD00DFE7AF800D79CF0 /* ShellScript */ = {
			isa = PBXShellScriptBuildPhase;
			buildActionMask = 2147483647;
			files = (
			);
			inputPaths = (
			);
			outputPaths = (
			);
			runOnlyForDeploymentPostprocessing = 0;
			shellPath = /bin/sh;
			shellScript = "# Run the unit tests in this test bundle.\n\"${SYSTEM_DEVELOPER_DIR}/Tools/RunUnitTests\"\n";
		};
/* End PBXShellScriptBuildPhase section */

/* Begin PBXSourcesBuildPhase section */
		8D0EACAD0E07A99C004ABEF2 /* Sources */ = {
			isa = PBXSourcesBuildPhase;
			buildActionMask = 2147483647;
			files = (
				8D0EACC50E07AB1C004ABEF2 /* LightSensor.m in Sources */,
			);
			runOnlyForDeploymentPostprocessing = 0;
		};
		8D11072C0486CEB800E47090 /* Sources */ = {
			isa = PBXSourcesBuildPhase;
			buildActionMask = 2147483647;
			files = (
				8D11072D0486CEB800E47090 /* main.m in Sources */,
				8D35C5FB0DFE7F7D00AF7A7D /* Context.m in Sources */,
				8D35C6290DFE999200AF7A7D /* ContextGroup.m in Sources */,
				8D5675970E010C9200EFEBA2 /* SensorArrayController.m in Sources */,
				8D56765F0E01EDD300EFEBA2 /* SensorController.m in Sources */,
				8DBF0AC40E1A2902009F1FCE /* ValueSet.m in Sources */,
				8D76DEE80E371D3B00DF4015 /* ExactRule.m in Sources */,
				8D76DEFB0E371FBC00DF4015 /* RuleSet.m in Sources */,
				8DBE19E00E39CE7A002AC5EC /* LogicRule.m in Sources */,
				8DFEDA3C0E54E8C00069AA8C /* ApplicationController.m in Sources */,
				8DBB44840E8B01F300B2D66F /* PreferencesController.m in Sources */,
				8D2E7D2B0E943C3500121762 /* ContextsController.m in Sources */,
				8D7D5A2A0E94BE1C005279AD /* ContextsView.m in Sources */,
				8D7D5ABB0E958D9C005279AD /* PreferencesPaneController.m in Sources */,
				8D7906500E984CA8001F38AF /* ContextTree.m in Sources */,
			);
			runOnlyForDeploymentPostprocessing = 0;
		};
		8D1B845F0E0A79AA00D47563 /* Sources */ = {
			isa = PBXSourcesBuildPhase;
			buildActionMask = 2147483647;
			files = (
				8D1B84810E0A7A1E00D47563 /* PowerSensor.m in Sources */,
			);
			runOnlyForDeploymentPostprocessing = 0;
		};
		8D56752A0E01055E00EFEBA2 /* Sources */ = {
			isa = PBXSourcesBuildPhase;
			buildActionMask = 2147483647;
			files = (
				8D56753C0E0105AC00EFEBA2 /* TimeOfDaySensor.m in Sources */,
			);
			runOnlyForDeploymentPostprocessing = 0;
		};
		8D5675770E0109CD00EFEBA2 /* Sources */ = {
			isa = PBXSourcesBuildPhase;
			buildActionMask = 2147483647;
			files = (
				8D56758C0E010AAD00EFEBA2 /* main.m in Sources */,
				8D5675980E010C9200EFEBA2 /* SensorArrayController.m in Sources */,
				8D5676600E01EDD300EFEBA2 /* SensorController.m in Sources */,
				8D96C3CD0E1AF70100287BC1 /* ValueSet.m in Sources */,
			);
			runOnlyForDeploymentPostprocessing = 0;
		};
		8D637B890E04A280008D3EBA /* Sources */ = {
			isa = PBXSourcesBuildPhase;
			buildActionMask = 2147483647;
			files = (
				8D637B9A0E04A332008D3EBA /* USBSensor.m in Sources */,
				8D637C260E04CD32008D3EBA /* USBVendorDB.m in Sources */,
				8D637C5A0E04D2DD008D3EBA /* USBDevice.m in Sources */,
			);
			runOnlyForDeploymentPostprocessing = 0;
		};
		8DA607F30E1D931A00066EA8 /* Sources */ = {
			isa = PBXSourcesBuildPhase;
			buildActionMask = 2147483647;
			files = (
				8DA608090E1D93C600066EA8 /* IPSensor.m in Sources */,
			);
			runOnlyForDeploymentPostprocessing = 0;
		};
		8DE55ACE0DFE7AF800D79CF0 /* Sources */ = {
			isa = PBXSourcesBuildPhase;
			buildActionMask = 2147483647;
			files = (
				8D35C5FA0DFE7F7D00AF7A7D /* Context.m in Sources */,
				8D35C60B0DFE851A00AF7A7D /* ContextTest.m in Sources */,
				8D35C6280DFE999200AF7A7D /* ContextGroup.m in Sources */,
				8D35C6320DFE9C2400AF7A7D /* ContextGroupTest.m in Sources */,
				8DA7FE190E064F6F00248CF8 /* MockSensor.m in Sources */,
				8DA7FE310E0653EB00248CF8 /* SensorController.m in Sources */,
				8D95D9010E19A0BD002C1B79 /* SensorControllerTest.m in Sources */,
				8DBF0AC60E1A2906009F1FCE /* ValueSetTest.m in Sources */,
				8DBF0AC70E1A2907009F1FCE /* ValueSet.m in Sources */,
				8D76DEFC0E371FBC00DF4015 /* RuleSet.m in Sources */,
				8DBE19930E39C93E002AC5EC /* ExactRuleTest.m in Sources */,
				8DBE199D0E39CAB7002AC5EC /* ExactRule.m in Sources */,
				8DBE19E10E39CE7A002AC5EC /* LogicRule.m in Sources */,
				8D93F7870E50FB0000AE3E1E /* LogicRuleTest.m in Sources */,
				8D7906650E988364001F38AF /* ContextTree.m in Sources */,
				8D7906680E98837D001F38AF /* ContextTreeTest.m in Sources */,
			);
			runOnlyForDeploymentPostprocessing = 0;
		};
/* End PBXSourcesBuildPhase section */

/* Begin PBXTargetDependency section */
		8D0EACD60E07ADB6004ABEF2 /* PBXTargetDependency */ = {
			isa = PBXTargetDependency;
			target = 8D0EACAF0E07A99C004ABEF2 /* LightSensor */;
			targetProxy = 8D0EACD50E07ADB6004ABEF2 /* PBXContainerItemProxy */;
		};
		8D1B84840E0A7A4F00D47563 /* PBXTargetDependency */ = {
			isa = PBXTargetDependency;
			target = 8D1B84610E0A79AA00D47563 /* PowerSensor */;
			targetProxy = 8D1B84830E0A7A4F00D47563 /* PBXContainerItemProxy */;
		};
		8D637B5C0E04A126008D3EBA /* PBXTargetDependency */ = {
			isa = PBXTargetDependency;
			target = 8D56752C0E01055E00EFEBA2 /* TimeOfDaySensor */;
			targetProxy = 8D637B5B0E04A126008D3EBA /* PBXContainerItemProxy */;
		};
		8D637B5E0E04A13E008D3EBA /* PBXTargetDependency */ = {
			isa = PBXTargetDependency;
			target = 8D637B580E04A111008D3EBA /* All Sensors */;
			targetProxy = 8D637B5D0E04A13E008D3EBA /* PBXContainerItemProxy */;
		};
		8D637B600E04A145008D3EBA /* PBXTargetDependency */ = {
			isa = PBXTargetDependency;
			target = 8D637B580E04A111008D3EBA /* All Sensors */;
			targetProxy = 8D637B5F0E04A145008D3EBA /* PBXContainerItemProxy */;
		};
		8D637B930E04A2C7008D3EBA /* PBXTargetDependency */ = {
			isa = PBXTargetDependency;
			target = 8D637B8B0E04A280008D3EBA /* USBSensor */;
			targetProxy = 8D637B920E04A2C7008D3EBA /* PBXContainerItemProxy */;
		};
		8DA6081E0E1D941900066EA8 /* PBXTargetDependency */ = {
			isa = PBXTargetDependency;
			target = 8DA607F50E1D931A00066EA8 /* IPSensor */;
			targetProxy = 8DA6081D0E1D941900066EA8 /* PBXContainerItemProxy */;
		};
/* End PBXTargetDependency section */

/* Begin XCBuildConfiguration section */
		8D0EACB50E07A99C004ABEF2 /* Debug */ = {
			isa = XCBuildConfiguration;
			buildSettings = {
				ALWAYS_SEARCH_USER_PATHS = NO;
				ARCHS = "$(ARCHS_STANDARD_32_BIT_PRE_XCODE_3_1)";
				ARCHS_STANDARD_32_BIT_PRE_XCODE_3_1 = "ppc i386";
				COPY_PHASE_STRIP = NO;
				GCC_DYNAMIC_NO_PIC = NO;
				GCC_ENABLE_FIX_AND_CONTINUE = YES;
				GCC_MODEL_TUNING = G5;
				GCC_OPTIMIZATION_LEVEL = 0;
				GCC_PRECOMPILE_PREFIX_HEADER = YES;
				GCC_PREFIX_HEADER = "$(SYSTEM_LIBRARY_DIR)/Frameworks/AppKit.framework/Headers/AppKit.h";
				INFOPLIST_FILE = "Sensors/LightSensor/LightSensor-Info.plist";
				INSTALL_PATH = "$(HOME)/Library/Bundles";
				OTHER_LDFLAGS = (
					"-framework",
					Foundation,
					"-framework",
					AppKit,
				);
				PREBINDING = NO;
				PRODUCT_NAME = LightSensor;
				WRAPPER_EXTENSION = sensor;
			};
			name = Debug;
		};
		8D0EACB60E07A99C004ABEF2 /* Release */ = {
			isa = XCBuildConfiguration;
			buildSettings = {
				ALWAYS_SEARCH_USER_PATHS = NO;
				ARCHS = "$(ARCHS_STANDARD_32_BIT_PRE_XCODE_3_1)";
				ARCHS_STANDARD_32_BIT_PRE_XCODE_3_1 = "ppc i386";
				COPY_PHASE_STRIP = YES;
				DEBUG_INFORMATION_FORMAT = "dwarf-with-dsym";
				GCC_ENABLE_FIX_AND_CONTINUE = NO;
				GCC_MODEL_TUNING = G5;
				GCC_PRECOMPILE_PREFIX_HEADER = YES;
				GCC_PREFIX_HEADER = "$(SYSTEM_LIBRARY_DIR)/Frameworks/AppKit.framework/Headers/AppKit.h";
				INFOPLIST_FILE = "Sensors/LightSensor/LightSensor-Info.plist";
				INSTALL_PATH = "$(HOME)/Library/Bundles";
				OTHER_LDFLAGS = (
					"-framework",
					Foundation,
					"-framework",
					AppKit,
				);
				PREBINDING = NO;
				PRODUCT_NAME = LightSensor;
				WRAPPER_EXTENSION = sensor;
				ZERO_LINK = NO;
			};
			name = Release;
		};
		8D1B84640E0A79AB00D47563 /* Debug */ = {
			isa = XCBuildConfiguration;
			buildSettings = {
				ALWAYS_SEARCH_USER_PATHS = NO;
				ARCHS = "$(ARCHS_STANDARD_32_BIT_PRE_XCODE_3_1)";
				ARCHS_STANDARD_32_BIT_PRE_XCODE_3_1 = "ppc i386";
				COPY_PHASE_STRIP = NO;
				GCC_DYNAMIC_NO_PIC = NO;
				GCC_ENABLE_FIX_AND_CONTINUE = YES;
				GCC_MODEL_TUNING = G5;
				GCC_OPTIMIZATION_LEVEL = 0;
				GCC_PRECOMPILE_PREFIX_HEADER = YES;
				GCC_PREFIX_HEADER = "$(SYSTEM_LIBRARY_DIR)/Frameworks/AppKit.framework/Headers/AppKit.h";
				INFOPLIST_FILE = "Sensors/PowerSensor/PowerSensor-Info.plist";
				INSTALL_PATH = "$(HOME)/Library/Bundles";
				OTHER_LDFLAGS = (
					"-framework",
					Foundation,
					"-framework",
					AppKit,
				);
				PREBINDING = NO;
				PRODUCT_NAME = PowerSensor;
				WRAPPER_EXTENSION = sensor;
			};
			name = Debug;
		};
		8D1B84650E0A79AB00D47563 /* Release */ = {
			isa = XCBuildConfiguration;
			buildSettings = {
				ALWAYS_SEARCH_USER_PATHS = NO;
				ARCHS = "$(ARCHS_STANDARD_32_BIT_PRE_XCODE_3_1)";
				ARCHS_STANDARD_32_BIT_PRE_XCODE_3_1 = "ppc i386";
				COPY_PHASE_STRIP = YES;
				DEBUG_INFORMATION_FORMAT = "dwarf-with-dsym";
				GCC_ENABLE_FIX_AND_CONTINUE = NO;
				GCC_MODEL_TUNING = G5;
				GCC_PRECOMPILE_PREFIX_HEADER = YES;
				GCC_PREFIX_HEADER = "$(SYSTEM_LIBRARY_DIR)/Frameworks/AppKit.framework/Headers/AppKit.h";
				INFOPLIST_FILE = "Sensors/PowerSensor/PowerSensor-Info.plist";
				INSTALL_PATH = "$(HOME)/Library/Bundles";
				OTHER_LDFLAGS = (
					"-framework",
					Foundation,
					"-framework",
					AppKit,
				);
				PREBINDING = NO;
				PRODUCT_NAME = PowerSensor;
				WRAPPER_EXTENSION = sensor;
				ZERO_LINK = NO;
			};
			name = Release;
		};
		8D5675300E01055F00EFEBA2 /* Debug */ = {
			isa = XCBuildConfiguration;
			buildSettings = {
				ALWAYS_SEARCH_USER_PATHS = NO;
				ARCHS = "$(ARCHS_STANDARD_32_BIT_PRE_XCODE_3_1)";
				ARCHS_STANDARD_32_BIT_PRE_XCODE_3_1 = "ppc i386";
				COPY_PHASE_STRIP = NO;
				GCC_DYNAMIC_NO_PIC = NO;
				GCC_ENABLE_FIX_AND_CONTINUE = YES;
				GCC_MODEL_TUNING = G5;
				GCC_OPTIMIZATION_LEVEL = 0;
				GCC_PRECOMPILE_PREFIX_HEADER = YES;
				GCC_PREFIX_HEADER = "$(SYSTEM_LIBRARY_DIR)/Frameworks/AppKit.framework/Headers/AppKit.h";
				INFOPLIST_FILE = "Sensors/TimeOfDaySensor/TimeOfDaySensor-Info.plist";
				INSTALL_PATH = "$(HOME)/Library/Bundles";
				OTHER_LDFLAGS = (
					"-framework",
					Foundation,
					"-framework",
					AppKit,
				);
				PREBINDING = NO;
				PRODUCT_NAME = TimeOfDaySensor;
				WRAPPER_EXTENSION = sensor;
			};
			name = Debug;
		};
		8D5675310E01055F00EFEBA2 /* Release */ = {
			isa = XCBuildConfiguration;
			buildSettings = {
				ALWAYS_SEARCH_USER_PATHS = NO;
				ARCHS = "$(ARCHS_STANDARD_32_BIT_PRE_XCODE_3_1)";
				ARCHS_STANDARD_32_BIT_PRE_XCODE_3_1 = "ppc i386";
				COPY_PHASE_STRIP = YES;
				DEBUG_INFORMATION_FORMAT = "dwarf-with-dsym";
				GCC_ENABLE_FIX_AND_CONTINUE = NO;
				GCC_MODEL_TUNING = G5;
				GCC_PRECOMPILE_PREFIX_HEADER = YES;
				GCC_PREFIX_HEADER = "$(SYSTEM_LIBRARY_DIR)/Frameworks/AppKit.framework/Headers/AppKit.h";
				INFOPLIST_FILE = "Sensors/TimeOfDaySensor/TimeOfDaySensor-Info.plist";
				INSTALL_PATH = "$(HOME)/Library/Bundles";
				OTHER_LDFLAGS = (
					"-framework",
					Foundation,
					"-framework",
					AppKit,
				);
				PREBINDING = NO;
				PRODUCT_NAME = TimeOfDaySensor;
				WRAPPER_EXTENSION = sensor;
				ZERO_LINK = NO;
			};
			name = Release;
		};
		8D56757D0E0109CD00EFEBA2 /* Debug */ = {
			isa = XCBuildConfiguration;
			buildSettings = {
				ALWAYS_SEARCH_USER_PATHS = NO;
				ARCHS = "$(ARCHS_STANDARD_32_BIT_PRE_XCODE_3_1)";
				ARCHS_STANDARD_32_BIT_PRE_XCODE_3_1 = "ppc i386";
				COPY_PHASE_STRIP = NO;
				GCC_DYNAMIC_NO_PIC = NO;
				GCC_ENABLE_FIX_AND_CONTINUE = YES;
				GCC_MODEL_TUNING = G5;
				GCC_OPTIMIZATION_LEVEL = 0;
				GCC_PRECOMPILE_PREFIX_HEADER = YES;
				GCC_PREFIX_HEADER = "$(SYSTEM_LIBRARY_DIR)/Frameworks/AppKit.framework/Headers/AppKit.h";
				INFOPLIST_FILE = "Resources/SensorTester-Info.plist";
				INSTALL_PATH = "$(HOME)/Applications";
				OTHER_LDFLAGS = (
					"-framework",
					Foundation,
					"-framework",
					AppKit,
				);
				PREBINDING = NO;
				PRODUCT_NAME = SensorTester;
			};
			name = Debug;
		};
		8D56757E0E0109CD00EFEBA2 /* Release */ = {
			isa = XCBuildConfiguration;
			buildSettings = {
				ALWAYS_SEARCH_USER_PATHS = NO;
				ARCHS = "$(ARCHS_STANDARD_32_BIT_PRE_XCODE_3_1)";
				ARCHS_STANDARD_32_BIT_PRE_XCODE_3_1 = "ppc i386";
				COPY_PHASE_STRIP = YES;
				DEBUG_INFORMATION_FORMAT = "dwarf-with-dsym";
				GCC_ENABLE_FIX_AND_CONTINUE = NO;
				GCC_MODEL_TUNING = G5;
				GCC_PRECOMPILE_PREFIX_HEADER = YES;
				GCC_PREFIX_HEADER = "$(SYSTEM_LIBRARY_DIR)/Frameworks/AppKit.framework/Headers/AppKit.h";
				INFOPLIST_FILE = "Resources/SensorTester-Info.plist";
				INSTALL_PATH = "$(HOME)/Applications";
				OTHER_LDFLAGS = (
					"-framework",
					Foundation,
					"-framework",
					AppKit,
				);
				PREBINDING = NO;
				PRODUCT_NAME = SensorTester;
				ZERO_LINK = NO;
			};
			name = Release;
		};
		8D637B590E04A112008D3EBA /* Debug */ = {
			isa = XCBuildConfiguration;
			buildSettings = {
				COPY_PHASE_STRIP = NO;
				GCC_DYNAMIC_NO_PIC = NO;
				GCC_OPTIMIZATION_LEVEL = 0;
				PRODUCT_NAME = "All Sensors";
			};
			name = Debug;
		};
		8D637B5A0E04A112008D3EBA /* Release */ = {
			isa = XCBuildConfiguration;
			buildSettings = {
				COPY_PHASE_STRIP = YES;
				DEBUG_INFORMATION_FORMAT = "dwarf-with-dsym";
				GCC_ENABLE_FIX_AND_CONTINUE = NO;
				PRODUCT_NAME = "All Sensors";
				ZERO_LINK = NO;
			};
			name = Release;
		};
		8D637B8E0E04A280008D3EBA /* Debug */ = {
			isa = XCBuildConfiguration;
			buildSettings = {
				ALWAYS_SEARCH_USER_PATHS = NO;
				ARCHS = "$(ARCHS_STANDARD_32_BIT_PRE_XCODE_3_1)";
				ARCHS_STANDARD_32_BIT_PRE_XCODE_3_1 = "ppc i386";
				COPY_PHASE_STRIP = NO;
				GCC_DYNAMIC_NO_PIC = NO;
				GCC_ENABLE_FIX_AND_CONTINUE = YES;
				GCC_MODEL_TUNING = G5;
				GCC_OPTIMIZATION_LEVEL = 0;
				GCC_PRECOMPILE_PREFIX_HEADER = YES;
				GCC_PREFIX_HEADER = "$(SYSTEM_LIBRARY_DIR)/Frameworks/AppKit.framework/Headers/AppKit.h";
				INFOPLIST_FILE = "Sensors/USBSensor/USBSensor-Info.plist";
				INSTALL_PATH = "$(HOME)/Library/Bundles";
				OTHER_LDFLAGS = (
					"-framework",
					Foundation,
					"-framework",
					AppKit,
				);
				PREBINDING = NO;
				PRODUCT_NAME = USBSensor;
				WRAPPER_EXTENSION = sensor;
			};
			name = Debug;
		};
		8D637B8F0E04A280008D3EBA /* Release */ = {
			isa = XCBuildConfiguration;
			buildSettings = {
				ALWAYS_SEARCH_USER_PATHS = NO;
				ARCHS = "$(ARCHS_STANDARD_32_BIT_PRE_XCODE_3_1)";
				ARCHS_STANDARD_32_BIT_PRE_XCODE_3_1 = "ppc i386";
				COPY_PHASE_STRIP = YES;
				DEBUG_INFORMATION_FORMAT = "dwarf-with-dsym";
				GCC_ENABLE_FIX_AND_CONTINUE = NO;
				GCC_MODEL_TUNING = G5;
				GCC_PRECOMPILE_PREFIX_HEADER = YES;
				GCC_PREFIX_HEADER = "$(SYSTEM_LIBRARY_DIR)/Frameworks/AppKit.framework/Headers/AppKit.h";
				INFOPLIST_FILE = "Sensors/USBSensor/USBSensor-Info.plist";
				INSTALL_PATH = "$(HOME)/Library/Bundles";
				OTHER_LDFLAGS = (
					"-framework",
					Foundation,
					"-framework",
					AppKit,
				);
				PREBINDING = NO;
				PRODUCT_NAME = USBSensor;
				WRAPPER_EXTENSION = sensor;
				ZERO_LINK = NO;
			};
			name = Release;
		};
		8DA607F80E1D931B00066EA8 /* Debug */ = {
			isa = XCBuildConfiguration;
			buildSettings = {
				ALWAYS_SEARCH_USER_PATHS = NO;
				ARCHS = "$(ARCHS_STANDARD_32_BIT_PRE_XCODE_3_1)";
				ARCHS_STANDARD_32_BIT_PRE_XCODE_3_1 = "ppc i386";
				COPY_PHASE_STRIP = NO;
				GCC_DYNAMIC_NO_PIC = NO;
				GCC_ENABLE_FIX_AND_CONTINUE = YES;
				GCC_MODEL_TUNING = G5;
				GCC_OPTIMIZATION_LEVEL = 0;
				GCC_PRECOMPILE_PREFIX_HEADER = YES;
				GCC_PREFIX_HEADER = "$(SYSTEM_LIBRARY_DIR)/Frameworks/AppKit.framework/Headers/AppKit.h";
				INFOPLIST_FILE = "Sensors/IPSensor/IPSensor-Info.plist";
				INSTALL_PATH = "$(HOME)/Library/Bundles";
				OTHER_LDFLAGS = (
					"-framework",
					Foundation,
					"-framework",
					AppKit,
				);
				PREBINDING = NO;
				PRODUCT_NAME = IPSensor;
				WRAPPER_EXTENSION = sensor;
			};
			name = Debug;
		};
		8DA607F90E1D931B00066EA8 /* Release */ = {
			isa = XCBuildConfiguration;
			buildSettings = {
				ALWAYS_SEARCH_USER_PATHS = NO;
				ARCHS = "$(ARCHS_STANDARD_32_BIT_PRE_XCODE_3_1)";
				ARCHS_STANDARD_32_BIT_PRE_XCODE_3_1 = "ppc i386";
				COPY_PHASE_STRIP = YES;
				DEBUG_INFORMATION_FORMAT = "dwarf-with-dsym";
				GCC_ENABLE_FIX_AND_CONTINUE = NO;
				GCC_MODEL_TUNING = G5;
				GCC_PRECOMPILE_PREFIX_HEADER = YES;
				GCC_PREFIX_HEADER = "$(SYSTEM_LIBRARY_DIR)/Frameworks/AppKit.framework/Headers/AppKit.h";
				INFOPLIST_FILE = "Sensors/IPSensor/IPSensor-Info.plist";
				INSTALL_PATH = "$(HOME)/Library/Bundles";
				OTHER_LDFLAGS = (
					"-framework",
					Foundation,
					"-framework",
					AppKit,
				);
				PREBINDING = NO;
				PRODUCT_NAME = IPSensor;
				WRAPPER_EXTENSION = sensor;
				ZERO_LINK = NO;
			};
			name = Release;
		};
		8DE55AD40DFE7AF900D79CF0 /* Debug */ = {
			isa = XCBuildConfiguration;
			buildSettings = {
				ALWAYS_SEARCH_USER_PATHS = NO;
				ARCHS = "$(ARCHS_STANDARD_32_BIT_PRE_XCODE_3_1)";
				ARCHS_STANDARD_32_BIT_PRE_XCODE_3_1 = "ppc i386";
				COPY_PHASE_STRIP = NO;
				FRAMEWORK_SEARCH_PATHS = "$(DEVELOPER_LIBRARY_DIR)/Frameworks";
				GCC_DYNAMIC_NO_PIC = NO;
				GCC_ENABLE_FIX_AND_CONTINUE = NO;
				GCC_ENABLE_OBJC_EXCEPTIONS = YES;
				GCC_GENERATE_TEST_COVERAGE_FILES = NO;
				GCC_MODEL_TUNING = G5;
				GCC_OPTIMIZATION_LEVEL = 0;
				GCC_PRECOMPILE_PREFIX_HEADER = YES;
				GCC_PREFIX_HEADER = "$(SYSTEM_LIBRARY_DIR)/Frameworks/Cocoa.framework/Headers/Cocoa.h";
				INFOPLIST_FILE = "Resources/Unit Tests-Info.plist";
				INSTALL_PATH = "$(USER_LIBRARY_DIR)/Bundles";
				OTHER_LDFLAGS = (
					"-framework",
					Cocoa,
					"-framework",
					SenTestingKit,
				);
				PREBINDING = NO;
				PRODUCT_NAME = "Unit Tests";
				WRAPPER_EXTENSION = octest;
			};
			name = Debug;
		};
		8DE55AD50DFE7AF900D79CF0 /* Release */ = {
			isa = XCBuildConfiguration;
			buildSettings = {
				ALWAYS_SEARCH_USER_PATHS = NO;
				ARCHS = "$(ARCHS_STANDARD_32_BIT_PRE_XCODE_3_1)";
				ARCHS_STANDARD_32_BIT_PRE_XCODE_3_1 = "ppc i386";
				COPY_PHASE_STRIP = YES;
				DEBUG_INFORMATION_FORMAT = "dwarf-with-dsym";
				FRAMEWORK_SEARCH_PATHS = "$(DEVELOPER_LIBRARY_DIR)/Frameworks";
				GCC_ENABLE_FIX_AND_CONTINUE = NO;
				GCC_ENABLE_OBJC_EXCEPTIONS = YES;
				GCC_GENERATE_TEST_COVERAGE_FILES = NO;
				GCC_MODEL_TUNING = G5;
				GCC_PRECOMPILE_PREFIX_HEADER = YES;
				GCC_PREFIX_HEADER = "$(SYSTEM_LIBRARY_DIR)/Frameworks/Cocoa.framework/Headers/Cocoa.h";
				INFOPLIST_FILE = "Resources/Unit Tests-Info.plist";
				INSTALL_PATH = "$(USER_LIBRARY_DIR)/Bundles";
				OTHER_LDFLAGS = (
					"-framework",
					Cocoa,
					"-framework",
					SenTestingKit,
				);
				PREBINDING = NO;
				PRODUCT_NAME = "Unit Tests";
				WRAPPER_EXTENSION = octest;
				ZERO_LINK = NO;
			};
			name = Release;
		};
		C01FCF4B08A954540054247B /* Debug */ = {
			isa = XCBuildConfiguration;
			buildSettings = {
				ALWAYS_SEARCH_USER_PATHS = NO;
				COPY_PHASE_STRIP = NO;
				GCC_DYNAMIC_NO_PIC = NO;
				GCC_ENABLE_FIX_AND_CONTINUE = YES;
				GCC_MODEL_TUNING = G5;
				GCC_OPTIMIZATION_LEVEL = 0;
				GCC_PRECOMPILE_PREFIX_HEADER = YES;
				GCC_PREFIX_HEADER = Source/MarcoPolo.pch;
				INFOPLIST_FILE = Resources/Info.plist;
				INSTALL_PATH = "$(HOME)/Applications";
				PRODUCT_NAME = MarcoPolo;
			};
			name = Debug;
		};
		C01FCF4C08A954540054247B /* Release */ = {
			isa = XCBuildConfiguration;
			buildSettings = {
				ALWAYS_SEARCH_USER_PATHS = NO;
				DEBUG_INFORMATION_FORMAT = "dwarf-with-dsym";
				GCC_MODEL_TUNING = G5;
				GCC_PRECOMPILE_PREFIX_HEADER = YES;
				GCC_PREFIX_HEADER = Source/MarcoPolo.pch;
				INFOPLIST_FILE = Resources/Info.plist;
				INSTALL_PATH = "$(HOME)/Applications";
				PRODUCT_NAME = MarcoPolo;
			};
			name = Release;
		};
		C01FCF4F08A954540054247B /* Debug */ = {
			isa = XCBuildConfiguration;
			buildSettings = {
				ALWAYS_SEARCH_USER_PATHS = NO;
				ARCHS = "$(NATIVE_ARCH)";
				GCC_OPTIMIZATION_LEVEL = 0;
				GCC_WARN_ABOUT_RETURN_TYPE = YES;
				GCC_WARN_UNUSED_VARIABLE = YES;
				ONLY_ACTIVE_ARCH = YES;
				PREBINDING = NO;
				SDKROOT = /Developer/SDKs/MacOSX10.4u.sdk;
			};
			name = Debug;
		};
		C01FCF5008A954540054247B /* Release */ = {
			isa = XCBuildConfiguration;
			buildSettings = {
				ALWAYS_SEARCH_USER_PATHS = NO;
				ARCHS = "$(ARCHS_STANDARD_32_BIT_PRE_XCODE_3_1)";
				ARCHS_STANDARD_32_BIT_PRE_XCODE_3_1 = "ppc i386";
				GCC_WARN_ABOUT_RETURN_TYPE = YES;
				GCC_WARN_UNUSED_VARIABLE = YES;
				PREBINDING = NO;
				SDKROOT = /Developer/SDKs/MacOSX10.4u.sdk;
			};
			name = Release;
		};
/* End XCBuildConfiguration section */

/* Begin XCConfigurationList section */
		8D0EACBD0E07A99D004ABEF2 /* Build configuration list for PBXNativeTarget "LightSensor" */ = {
			isa = XCConfigurationList;
			buildConfigurations = (
				8D0EACB50E07A99C004ABEF2 /* Debug */,
				8D0EACB60E07A99C004ABEF2 /* Release */,
			);
			defaultConfigurationIsVisible = 0;
			defaultConfigurationName = Release;
		};
		8D1B84660E0A79AB00D47563 /* Build configuration list for PBXNativeTarget "PowerSensor" */ = {
			isa = XCConfigurationList;
			buildConfigurations = (
				8D1B84640E0A79AB00D47563 /* Debug */,
				8D1B84650E0A79AB00D47563 /* Release */,
			);
			defaultConfigurationIsVisible = 0;
			defaultConfigurationName = Release;
		};
		8D5675320E01055F00EFEBA2 /* Build configuration list for PBXNativeTarget "TimeOfDaySensor" */ = {
			isa = XCConfigurationList;
			buildConfigurations = (
				8D5675300E01055F00EFEBA2 /* Debug */,
				8D5675310E01055F00EFEBA2 /* Release */,
			);
			defaultConfigurationIsVisible = 0;
			defaultConfigurationName = Release;
		};
		8D56757F0E0109CE00EFEBA2 /* Build configuration list for PBXNativeTarget "SensorTester" */ = {
			isa = XCConfigurationList;
			buildConfigurations = (
				8D56757D0E0109CD00EFEBA2 /* Debug */,
				8D56757E0E0109CD00EFEBA2 /* Release */,
			);
			defaultConfigurationIsVisible = 0;
			defaultConfigurationName = Release;
		};
		8D637B6F0E04A15A008D3EBA /* Build configuration list for PBXAggregateTarget "All Sensors" */ = {
			isa = XCConfigurationList;
			buildConfigurations = (
				8D637B590E04A112008D3EBA /* Debug */,
				8D637B5A0E04A112008D3EBA /* Release */,
			);
			defaultConfigurationIsVisible = 0;
			defaultConfigurationName = Release;
		};
		8D637B900E04A280008D3EBA /* Build configuration list for PBXNativeTarget "USBSensor" */ = {
			isa = XCConfigurationList;
			buildConfigurations = (
				8D637B8E0E04A280008D3EBA /* Debug */,
				8D637B8F0E04A280008D3EBA /* Release */,
			);
			defaultConfigurationIsVisible = 0;
			defaultConfigurationName = Release;
		};
		8DA607FA0E1D931B00066EA8 /* Build configuration list for PBXNativeTarget "IPSensor" */ = {
			isa = XCConfigurationList;
			buildConfigurations = (
				8DA607F80E1D931B00066EA8 /* Debug */,
				8DA607F90E1D931B00066EA8 /* Release */,
			);
			defaultConfigurationIsVisible = 0;
			defaultConfigurationName = Release;
		};
		8DE55AD60DFE7AF900D79CF0 /* Build configuration list for PBXNativeTarget "Unit Tests" */ = {
			isa = XCConfigurationList;
			buildConfigurations = (
				8DE55AD40DFE7AF900D79CF0 /* Debug */,
				8DE55AD50DFE7AF900D79CF0 /* Release */,
			);
			defaultConfigurationIsVisible = 0;
			defaultConfigurationName = Release;
		};
		C01FCF4A08A954540054247B /* Build configuration list for PBXNativeTarget "MarcoPolo" */ = {
			isa = XCConfigurationList;
			buildConfigurations = (
				C01FCF4B08A954540054247B /* Debug */,
				C01FCF4C08A954540054247B /* Release */,
			);
			defaultConfigurationIsVisible = 0;
			defaultConfigurationName = Release;
		};
		C01FCF4E08A954540054247B /* Build configuration list for PBXProject "MarcoPolo" */ = {
			isa = XCConfigurationList;
			buildConfigurations = (
				C01FCF4F08A954540054247B /* Debug */,
				C01FCF5008A954540054247B /* Release */,
			);
			defaultConfigurationIsVisible = 0;
			defaultConfigurationName = Release;
		};
/* End XCConfigurationList section */
	};
	rootObject = 29B97313FDCFA39411CA2CEA /* Project object */;
}
