// !$*UTF8*$!
{
	archiveVersion = 1;
	classes = {
	};
	objectVersion = 42;
	objects = {

/* Begin PBXAggregateTarget section */
		8D637B580E04A111008D3EBA /* All Sensors */ = {
			isa = PBXAggregateTarget;
			buildConfigurationList = 8D637B6F0E04A15A008D3EBA /* Build configuration list for PBXAggregateTarget "All Sensors" */;
			buildPhases = (
			);
			dependencies = (
				8D637B5C0E04A126008D3EBA /* PBXTargetDependency */,
			);
			name = "All Sensors";
			productName = "All Sensors";
		};
/* End PBXAggregateTarget section */

/* Begin PBXBuildFile section */
		8D11072D0486CEB800E47090 /* main.m in Sources */ = {isa = PBXBuildFile; fileRef = 29B97316FDCFA39411CA2CEA /* main.m */; settings = {ATTRIBUTES = (); }; };
		8D11072F0486CEB800E47090 /* Cocoa.framework in Frameworks */ = {isa = PBXBuildFile; fileRef = 1058C7A1FEA54F0111CA2CBB /* Cocoa.framework */; };
		8D35C5FA0DFE7F7D00AF7A7D /* Context.m in Sources */ = {isa = PBXBuildFile; fileRef = 8D35C5F90DFE7F7D00AF7A7D /* Context.m */; };
		8D35C5FB0DFE7F7D00AF7A7D /* Context.m in Sources */ = {isa = PBXBuildFile; fileRef = 8D35C5F90DFE7F7D00AF7A7D /* Context.m */; };
		8D35C60B0DFE851A00AF7A7D /* ContextTest.m in Sources */ = {isa = PBXBuildFile; fileRef = 8D35C60A0DFE851A00AF7A7D /* ContextTest.m */; };
		8D35C6280DFE999200AF7A7D /* ContextGroup.m in Sources */ = {isa = PBXBuildFile; fileRef = 8D35C6270DFE999200AF7A7D /* ContextGroup.m */; };
		8D35C6290DFE999200AF7A7D /* ContextGroup.m in Sources */ = {isa = PBXBuildFile; fileRef = 8D35C6270DFE999200AF7A7D /* ContextGroup.m */; };
		8D35C6320DFE9C2400AF7A7D /* ContextGroupTest.m in Sources */ = {isa = PBXBuildFile; fileRef = 8D35C6310DFE9C2400AF7A7D /* ContextGroupTest.m */; };
		8D56753C0E0105AC00EFEBA2 /* TimeOfDaySensor.m in Sources */ = {isa = PBXBuildFile; fileRef = 8D56753B0E0105AC00EFEBA2 /* TimeOfDaySensor.m */; };
		8D56756A0E01088A00EFEBA2 /* TimeOfDaySensor-Info.plist in Resources */ = {isa = PBXBuildFile; fileRef = 8D56752E0E01055E00EFEBA2 /* TimeOfDaySensor-Info.plist */; };
		8D56758C0E010AAD00EFEBA2 /* main.m in Sources */ = {isa = PBXBuildFile; fileRef = 29B97316FDCFA39411CA2CEA /* main.m */; };
		8D5675920E010AE800EFEBA2 /* SensorTester.nib in Resources */ = {isa = PBXBuildFile; fileRef = 8D5675910E010AE800EFEBA2 /* SensorTester.nib */; };
		8D5675970E010C9200EFEBA2 /* SensorArrayController.m in Sources */ = {isa = PBXBuildFile; fileRef = 8D5675960E010C9200EFEBA2 /* SensorArrayController.m */; };
		8D5675980E010C9200EFEBA2 /* SensorArrayController.m in Sources */ = {isa = PBXBuildFile; fileRef = 8D5675960E010C9200EFEBA2 /* SensorArrayController.m */; };
		8D56765F0E01EDD300EFEBA2 /* SensorController.m in Sources */ = {isa = PBXBuildFile; fileRef = 8D56765E0E01EDD300EFEBA2 /* SensorController.m */; };
		8D5676600E01EDD300EFEBA2 /* SensorController.m in Sources */ = {isa = PBXBuildFile; fileRef = 8D56765E0E01EDD300EFEBA2 /* SensorController.m */; };
		8D5A064A0DFFBD49009346BF /* SensorData.m in Sources */ = {isa = PBXBuildFile; fileRef = 8D5A06490DFFBD49009346BF /* SensorData.m */; };
		8D5A064B0DFFBD49009346BF /* SensorData.m in Sources */ = {isa = PBXBuildFile; fileRef = 8D5A06490DFFBD49009346BF /* SensorData.m */; };
		8D637B7F0E04A1E3008D3EBA /* TimeOfDaySensor.sensor in CopyFiles */ = {isa = PBXBuildFile; fileRef = 8D56752D0E01055E00EFEBA2 /* TimeOfDaySensor.sensor */; };
/* End PBXBuildFile section */

/* Begin PBXContainerItemProxy section */
		8D637B5B0E04A126008D3EBA /* PBXContainerItemProxy */ = {
			isa = PBXContainerItemProxy;
			containerPortal = 29B97313FDCFA39411CA2CEA /* Project object */;
			proxyType = 1;
			remoteGlobalIDString = 8D56752C0E01055E00EFEBA2 /* TimeOfDaySensor */;
			remoteInfo = TimeOfDaySensor;
		};
		8D637B5D0E04A13E008D3EBA /* PBXContainerItemProxy */ = {
			isa = PBXContainerItemProxy;
			containerPortal = 29B97313FDCFA39411CA2CEA /* Project object */;
			proxyType = 1;
			remoteGlobalIDString = 8D637B580E04A111008D3EBA /* All Sensors */;
			remoteInfo = "All Sensors";
		};
		8D637B5F0E04A145008D3EBA /* PBXContainerItemProxy */ = {
			isa = PBXContainerItemProxy;
			containerPortal = 29B97313FDCFA39411CA2CEA /* Project object */;
			proxyType = 1;
			remoteGlobalIDString = 8D637B580E04A111008D3EBA /* All Sensors */;
			remoteInfo = "All Sensors";
		};
/* End PBXContainerItemProxy section */

/* Begin PBXCopyFilesBuildPhase section */
		8D56759E0E010EC200EFEBA2 /* CopyFiles */ = {
			isa = PBXCopyFilesBuildPhase;
			buildActionMask = 2147483647;
			dstPath = "";
			dstSubfolderSpec = 13;
			files = (
				8D637B7F0E04A1E3008D3EBA /* TimeOfDaySensor.sensor in CopyFiles */,
			);
			runOnlyForDeploymentPostprocessing = 0;
		};
/* End PBXCopyFilesBuildPhase section */

/* Begin PBXFileReference section */
		1058C7A1FEA54F0111CA2CBB /* Cocoa.framework */ = {isa = PBXFileReference; lastKnownFileType = wrapper.framework; name = Cocoa.framework; path = /System/Library/Frameworks/Cocoa.framework; sourceTree = "<absolute>"; };
		13E42FB307B3F0F600E4EEF1 /* CoreData.framework */ = {isa = PBXFileReference; lastKnownFileType = wrapper.framework; name = CoreData.framework; path = /System/Library/Frameworks/CoreData.framework; sourceTree = "<absolute>"; };
		29B97316FDCFA39411CA2CEA /* main.m */ = {isa = PBXFileReference; fileEncoding = 4; indentWidth = 8; lastKnownFileType = sourcecode.c.objc; name = main.m; path = Source/main.m; sourceTree = "<group>"; tabWidth = 8; };
		29B97324FDCFA39411CA2CEA /* AppKit.framework */ = {isa = PBXFileReference; lastKnownFileType = wrapper.framework; name = AppKit.framework; path = /System/Library/Frameworks/AppKit.framework; sourceTree = "<absolute>"; };
		29B97325FDCFA39411CA2CEA /* Foundation.framework */ = {isa = PBXFileReference; lastKnownFileType = wrapper.framework; name = Foundation.framework; path = /System/Library/Frameworks/Foundation.framework; sourceTree = "<absolute>"; };
		32CA4F630368D1EE00C91783 /* MarcoPolo.pch */ = {isa = PBXFileReference; fileEncoding = 4; lastKnownFileType = sourcecode.c.h; path = MarcoPolo.pch; sourceTree = "<group>"; };
		8D1107310486CEB800E47090 /* Info.plist */ = {isa = PBXFileReference; fileEncoding = 4; lastKnownFileType = text.plist.xml; name = Info.plist; path = Resources/Info.plist; sourceTree = "<group>"; };
		8D1107320486CEB800E47090 /* MarcoPolo.app */ = {isa = PBXFileReference; explicitFileType = wrapper.application; includeInIndex = 0; path = MarcoPolo.app; sourceTree = BUILT_PRODUCTS_DIR; };
		8D35C5F80DFE7F7D00AF7A7D /* Context.h */ = {isa = PBXFileReference; fileEncoding = 4; lastKnownFileType = sourcecode.c.h; name = Context.h; path = Source/Context.h; sourceTree = "<group>"; };
		8D35C5F90DFE7F7D00AF7A7D /* Context.m */ = {isa = PBXFileReference; fileEncoding = 4; lastKnownFileType = sourcecode.c.objc; name = Context.m; path = Source/Context.m; sourceTree = "<group>"; };
		8D35C6090DFE851A00AF7A7D /* ContextTest.h */ = {isa = PBXFileReference; fileEncoding = 4; lastKnownFileType = sourcecode.c.h; name = ContextTest.h; path = Source/ContextTest.h; sourceTree = "<group>"; };
		8D35C60A0DFE851A00AF7A7D /* ContextTest.m */ = {isa = PBXFileReference; fileEncoding = 4; lastKnownFileType = sourcecode.c.objc; name = ContextTest.m; path = Source/ContextTest.m; sourceTree = "<group>"; };
		8D35C6260DFE999200AF7A7D /* ContextGroup.h */ = {isa = PBXFileReference; fileEncoding = 4; lastKnownFileType = sourcecode.c.h; name = ContextGroup.h; path = Source/ContextGroup.h; sourceTree = "<group>"; };
		8D35C6270DFE999200AF7A7D /* ContextGroup.m */ = {isa = PBXFileReference; fileEncoding = 4; lastKnownFileType = sourcecode.c.objc; name = ContextGroup.m; path = Source/ContextGroup.m; sourceTree = "<group>"; };
		8D35C6300DFE9C2400AF7A7D /* ContextGroupTest.h */ = {isa = PBXFileReference; fileEncoding = 4; lastKnownFileType = sourcecode.c.h; name = ContextGroupTest.h; path = Source/ContextGroupTest.h; sourceTree = "<group>"; };
		8D35C6310DFE9C2400AF7A7D /* ContextGroupTest.m */ = {isa = PBXFileReference; fileEncoding = 4; lastKnownFileType = sourcecode.c.objc; name = ContextGroupTest.m; path = Source/ContextGroupTest.m; sourceTree = "<group>"; };
		8D56752D0E01055E00EFEBA2 /* TimeOfDaySensor.sensor */ = {isa = PBXFileReference; explicitFileType = wrapper.cfbundle; includeInIndex = 0; path = TimeOfDaySensor.sensor; sourceTree = BUILT_PRODUCTS_DIR; };
		8D56752E0E01055E00EFEBA2 /* TimeOfDaySensor-Info.plist */ = {isa = PBXFileReference; lastKnownFileType = text.plist.xml; name = "TimeOfDaySensor-Info.plist"; path = "Sensors/TimeOfDaySensor/TimeOfDaySensor-Info.plist"; sourceTree = "<group>"; };
		8D56753A0E0105AC00EFEBA2 /* TimeOfDaySensor.h */ = {isa = PBXFileReference; fileEncoding = 4; lastKnownFileType = sourcecode.c.h; name = TimeOfDaySensor.h; path = Sensors/TimeOfDaySensor/TimeOfDaySensor.h; sourceTree = "<group>"; };
		8D56753B0E0105AC00EFEBA2 /* TimeOfDaySensor.m */ = {isa = PBXFileReference; fileEncoding = 4; lastKnownFileType = sourcecode.c.objc; name = TimeOfDaySensor.m; path = Sensors/TimeOfDaySensor/TimeOfDaySensor.m; sourceTree = "<group>"; };
		8D56757A0E0109CD00EFEBA2 /* SensorTester.app */ = {isa = PBXFileReference; explicitFileType = wrapper.application; includeInIndex = 0; path = SensorTester.app; sourceTree = BUILT_PRODUCTS_DIR; };
		8D56757C0E0109CD00EFEBA2 /* SensorTester-Info.plist */ = {isa = PBXFileReference; lastKnownFileType = text.plist.xml; name = "SensorTester-Info.plist"; path = "Resources/SensorTester-Info.plist"; sourceTree = "<group>"; };
		8D5675910E010AE800EFEBA2 /* SensorTester.nib */ = {isa = PBXFileReference; lastKnownFileType = wrapper.nib; name = SensorTester.nib; path = Resources/SensorTester.nib; sourceTree = "<group>"; };
		8D5675950E010C9200EFEBA2 /* SensorArrayController.h */ = {isa = PBXFileReference; fileEncoding = 4; lastKnownFileType = sourcecode.c.h; name = SensorArrayController.h; path = Source/SensorArrayController.h; sourceTree = "<group>"; };
		8D5675960E010C9200EFEBA2 /* SensorArrayController.m */ = {isa = PBXFileReference; fileEncoding = 4; lastKnownFileType = sourcecode.c.objc; name = SensorArrayController.m; path = Source/SensorArrayController.m; sourceTree = "<group>"; };
		8D56765D0E01EDD300EFEBA2 /* SensorController.h */ = {isa = PBXFileReference; fileEncoding = 4; lastKnownFileType = sourcecode.c.h; name = SensorController.h; path = Source/SensorController.h; sourceTree = "<group>"; };
		8D56765E0E01EDD300EFEBA2 /* SensorController.m */ = {isa = PBXFileReference; fileEncoding = 4; lastKnownFileType = sourcecode.c.objc; name = SensorController.m; path = Source/SensorController.m; sourceTree = "<group>"; };
		8D5A06480DFFBD49009346BF /* SensorData.h */ = {isa = PBXFileReference; fileEncoding = 4; lastKnownFileType = sourcecode.c.h; name = SensorData.h; path = Source/SensorData.h; sourceTree = "<group>"; };
		8D5A06490DFFBD49009346BF /* SensorData.m */ = {isa = PBXFileReference; fileEncoding = 4; lastKnownFileType = sourcecode.c.objc; name = SensorData.m; path = Source/SensorData.m; sourceTree = "<group>"; };
		8D5A064D0DFFBE60009346BF /* Sensor.h */ = {isa = PBXFileReference; fileEncoding = 4; lastKnownFileType = sourcecode.c.h; name = Sensor.h; path = Source/Sensor.h; sourceTree = "<group>"; };
		8DE55AD20DFE7AF800D79CF0 /* Unit Tests.octest */ = {isa = PBXFileReference; explicitFileType = wrapper.cfbundle; includeInIndex = 0; path = "Unit Tests.octest"; sourceTree = BUILT_PRODUCTS_DIR; };
		8DE55AD30DFE7AF800D79CF0 /* Unit Tests-Info.plist */ = {isa = PBXFileReference; lastKnownFileType = text.plist.xml; name = "Unit Tests-Info.plist"; path = "Resources/Unit Tests-Info.plist"; sourceTree = "<group>"; };
/* End PBXFileReference section */

/* Begin PBXFrameworksBuildPhase section */
		8D11072E0486CEB800E47090 /* Frameworks */ = {
			isa = PBXFrameworksBuildPhase;
			buildActionMask = 2147483647;
			files = (
				8D11072F0486CEB800E47090 /* Cocoa.framework in Frameworks */,
			);
			runOnlyForDeploymentPostprocessing = 0;
		};
		8D56752B0E01055E00EFEBA2 /* Frameworks */ = {
			isa = PBXFrameworksBuildPhase;
			buildActionMask = 2147483647;
			files = (
			);
			runOnlyForDeploymentPostprocessing = 0;
		};
		8D5675780E0109CD00EFEBA2 /* Frameworks */ = {
			isa = PBXFrameworksBuildPhase;
			buildActionMask = 2147483647;
			files = (
			);
			runOnlyForDeploymentPostprocessing = 0;
		};
		8DE55ACF0DFE7AF800D79CF0 /* Frameworks */ = {
			isa = PBXFrameworksBuildPhase;
			buildActionMask = 2147483647;
			files = (
			);
			runOnlyForDeploymentPostprocessing = 0;
		};
/* End PBXFrameworksBuildPhase section */

/* Begin PBXGroup section */
		080E96DDFE201D6D7F000001 /* Classes */ = {
			isa = PBXGroup;
			children = (
				8D35C5F70DFE7F3300AF7A7D /* Models */,
				8D5675950E010C9200EFEBA2 /* SensorArrayController.h */,
				8D5675960E010C9200EFEBA2 /* SensorArrayController.m */,
				8D56765D0E01EDD300EFEBA2 /* SensorController.h */,
				8D56765E0E01EDD300EFEBA2 /* SensorController.m */,
			);
			name = Classes;
			sourceTree = "<group>";
		};
		1058C7A0FEA54F0111CA2CBB /* Linked Frameworks */ = {
			isa = PBXGroup;
			children = (
				1058C7A1FEA54F0111CA2CBB /* Cocoa.framework */,
			);
			name = "Linked Frameworks";
			sourceTree = "<group>";
		};
		1058C7A2FEA54F0111CA2CBB /* Other Frameworks */ = {
			isa = PBXGroup;
			children = (
				29B97324FDCFA39411CA2CEA /* AppKit.framework */,
				13E42FB307B3F0F600E4EEF1 /* CoreData.framework */,
				29B97325FDCFA39411CA2CEA /* Foundation.framework */,
			);
			name = "Other Frameworks";
			sourceTree = "<group>";
		};
		19C28FACFE9D520D11CA2CBB /* Products */ = {
			isa = PBXGroup;
			children = (
				8D1107320486CEB800E47090 /* MarcoPolo.app */,
				8DE55AD20DFE7AF800D79CF0 /* Unit Tests.octest */,
				8D56757A0E0109CD00EFEBA2 /* SensorTester.app */,
				8D56752D0E01055E00EFEBA2 /* TimeOfDaySensor.sensor */,
			);
			name = Products;
			sourceTree = "<group>";
		};
		29B97314FDCFA39411CA2CEA /* MarcoPolo */ = {
			isa = PBXGroup;
			children = (
				080E96DDFE201D6D7F000001 /* Classes */,
				8D5675390E01058100EFEBA2 /* Sensors */,
				29B97315FDCFA39411CA2CEA /* Other Sources */,
				29B97317FDCFA39411CA2CEA /* Resources */,
				29B97323FDCFA39411CA2CEA /* Frameworks */,
				19C28FACFE9D520D11CA2CBB /* Products */,
			);
			name = MarcoPolo;
			sourceTree = "<group>";
		};
		29B97315FDCFA39411CA2CEA /* Other Sources */ = {
			isa = PBXGroup;
			children = (
				32CA4F630368D1EE00C91783 /* MarcoPolo.pch */,
				29B97316FDCFA39411CA2CEA /* main.m */,
			);
			name = "Other Sources";
			sourceTree = "<group>";
		};
		29B97317FDCFA39411CA2CEA /* Resources */ = {
			isa = PBXGroup;
			children = (
				8D56757C0E0109CD00EFEBA2 /* SensorTester-Info.plist */,
				8D1107310486CEB800E47090 /* Info.plist */,
				8DE55AD30DFE7AF800D79CF0 /* Unit Tests-Info.plist */,
				8D5675910E010AE800EFEBA2 /* SensorTester.nib */,
			);
			name = Resources;
			sourceTree = "<group>";
		};
		29B97323FDCFA39411CA2CEA /* Frameworks */ = {
			isa = PBXGroup;
			children = (
				1058C7A0FEA54F0111CA2CBB /* Linked Frameworks */,
				1058C7A2FEA54F0111CA2CBB /* Other Frameworks */,
			);
			name = Frameworks;
			sourceTree = "<group>";
		};
		8D35C5F70DFE7F3300AF7A7D /* Models */ = {
			isa = PBXGroup;
			children = (
				8D35C5F80DFE7F7D00AF7A7D /* Context.h */,
				8D35C5F90DFE7F7D00AF7A7D /* Context.m */,
				8D35C6090DFE851A00AF7A7D /* ContextTest.h */,
				8D35C60A0DFE851A00AF7A7D /* ContextTest.m */,
				8D35C6260DFE999200AF7A7D /* ContextGroup.h */,
				8D35C6270DFE999200AF7A7D /* ContextGroup.m */,
				8D35C6300DFE9C2400AF7A7D /* ContextGroupTest.h */,
				8D35C6310DFE9C2400AF7A7D /* ContextGroupTest.m */,
				8D5A06480DFFBD49009346BF /* SensorData.h */,
				8D5A06490DFFBD49009346BF /* SensorData.m */,
				8D5A064D0DFFBE60009346BF /* Sensor.h */,
			);
			name = Models;
			sourceTree = "<group>";
		};
		8D5675390E01058100EFEBA2 /* Sensors */ = {
			isa = PBXGroup;
			children = (
				8D56752E0E01055E00EFEBA2 /* TimeOfDaySensor-Info.plist */,
				8D56753A0E0105AC00EFEBA2 /* TimeOfDaySensor.h */,
				8D56753B0E0105AC00EFEBA2 /* TimeOfDaySensor.m */,
			);
			name = Sensors;
			sourceTree = "<group>";
		};
/* End PBXGroup section */

/* Begin PBXNativeTarget section */
		8D1107260486CEB800E47090 /* MarcoPolo */ = {
			isa = PBXNativeTarget;
			buildConfigurationList = C01FCF4A08A954540054247B /* Build configuration list for PBXNativeTarget "MarcoPolo" */;
			buildPhases = (
				8D1107290486CEB800E47090 /* Resources */,
				8D11072C0486CEB800E47090 /* Sources */,
				8D11072E0486CEB800E47090 /* Frameworks */,
			);
			buildRules = (
			);
			dependencies = (
				8D637B600E04A145008D3EBA /* PBXTargetDependency */,
			);
			name = MarcoPolo;
			productInstallPath = "$(HOME)/Applications";
			productName = MarcoPolo;
			productReference = 8D1107320486CEB800E47090 /* MarcoPolo.app */;
			productType = "com.apple.product-type.application";
		};
		8D56752C0E01055E00EFEBA2 /* TimeOfDaySensor */ = {
			isa = PBXNativeTarget;
			buildConfigurationList = 8D5675320E01055F00EFEBA2 /* Build configuration list for PBXNativeTarget "TimeOfDaySensor" */;
			buildPhases = (
				8D5675290E01055E00EFEBA2 /* Resources */,
				8D56752A0E01055E00EFEBA2 /* Sources */,
				8D56752B0E01055E00EFEBA2 /* Frameworks */,
			);
			buildRules = (
			);
			dependencies = (
			);
			name = TimeOfDaySensor;
			productName = TimeOfDaySensor;
			productReference = 8D56752D0E01055E00EFEBA2 /* TimeOfDaySensor.sensor */;
			productType = "com.apple.product-type.bundle";
		};
		8D5675790E0109CD00EFEBA2 /* SensorTester */ = {
			isa = PBXNativeTarget;
			buildConfigurationList = 8D56757F0E0109CE00EFEBA2 /* Build configuration list for PBXNativeTarget "SensorTester" */;
			buildPhases = (
				8D5675760E0109CD00EFEBA2 /* Resources */,
				8D5675770E0109CD00EFEBA2 /* Sources */,
				8D5675780E0109CD00EFEBA2 /* Frameworks */,
				8D56759E0E010EC200EFEBA2 /* CopyFiles */,
			);
			buildRules = (
			);
			dependencies = (
				8D637B5E0E04A13E008D3EBA /* PBXTargetDependency */,
			);
			name = SensorTester;
			productName = SensorTester;
			productReference = 8D56757A0E0109CD00EFEBA2 /* SensorTester.app */;
			productType = "com.apple.product-type.application";
		};
		8DE55AD10DFE7AF800D79CF0 /* Unit Tests */ = {
			isa = PBXNativeTarget;
			buildConfigurationList = 8DE55AD60DFE7AF900D79CF0 /* Build configuration list for PBXNativeTarget "Unit Tests" */;
			buildPhases = (
				8DE55ACD0DFE7AF800D79CF0 /* Resources */,
				8DE55ACE0DFE7AF800D79CF0 /* Sources */,
				8DE55ACF0DFE7AF800D79CF0 /* Frameworks */,
				8DE55AD00DFE7AF800D79CF0 /* ShellScript */,
			);
			buildRules = (
			);
			dependencies = (
			);
			name = "Unit Tests";
			productName = "Unit Tests";
			productReference = 8DE55AD20DFE7AF800D79CF0 /* Unit Tests.octest */;
			productType = "com.apple.product-type.bundle";
		};
/* End PBXNativeTarget section */

/* Begin PBXProject section */
		29B97313FDCFA39411CA2CEA /* Project object */ = {
			isa = PBXProject;
			buildConfigurationList = C01FCF4E08A954540054247B /* Build configuration list for PBXProject "MarcoPolo" */;
			compatibilityVersion = "Xcode 2.4";
			hasScannedForEncodings = 1;
			mainGroup = 29B97314FDCFA39411CA2CEA /* MarcoPolo */;
			projectDirPath = "";
			projectRoot = "";
			targets = (
				8D1107260486CEB800E47090 /* MarcoPolo */,
				8D5675790E0109CD00EFEBA2 /* SensorTester */,
				8DE55AD10DFE7AF800D79CF0 /* Unit Tests */,
				8D637B580E04A111008D3EBA /* All Sensors */,
				8D56752C0E01055E00EFEBA2 /* TimeOfDaySensor */,
			);
		};
/* End PBXProject section */

/* Begin PBXResourcesBuildPhase section */
		8D1107290486CEB800E47090 /* Resources */ = {
			isa = PBXResourcesBuildPhase;
			buildActionMask = 2147483647;
			files = (
			);
			runOnlyForDeploymentPostprocessing = 0;
		};
		8D5675290E01055E00EFEBA2 /* Resources */ = {
			isa = PBXResourcesBuildPhase;
			buildActionMask = 2147483647;
			files = (
				8D56756A0E01088A00EFEBA2 /* TimeOfDaySensor-Info.plist in Resources */,
			);
			runOnlyForDeploymentPostprocessing = 0;
		};
		8D5675760E0109CD00EFEBA2 /* Resources */ = {
			isa = PBXResourcesBuildPhase;
			buildActionMask = 2147483647;
			files = (
				8D5675920E010AE800EFEBA2 /* SensorTester.nib in Resources */,
			);
			runOnlyForDeploymentPostprocessing = 0;
		};
		8DE55ACD0DFE7AF800D79CF0 /* Resources */ = {
			isa = PBXResourcesBuildPhase;
			buildActionMask = 2147483647;
			files = (
			);
			runOnlyForDeploymentPostprocessing = 0;
		};
/* End PBXResourcesBuildPhase section */

/* Begin PBXShellScriptBuildPhase section */
		8DE55AD00DFE7AF800D79CF0 /* ShellScript */ = {
			isa = PBXShellScriptBuildPhase;
			buildActionMask = 2147483647;
			files = (
			);
			inputPaths = (
			);
			outputPaths = (
			);
			runOnlyForDeploymentPostprocessing = 0;
			shellPath = /bin/sh;
			shellScript = "# Run the unit tests in this test bundle.\n\"${SYSTEM_DEVELOPER_DIR}/Tools/RunUnitTests\"\n";
		};
/* End PBXShellScriptBuildPhase section */

/* Begin PBXSourcesBuildPhase section */
		8D11072C0486CEB800E47090 /* Sources */ = {
			isa = PBXSourcesBuildPhase;
			buildActionMask = 2147483647;
			files = (
				8D11072D0486CEB800E47090 /* main.m in Sources */,
				8D35C5FB0DFE7F7D00AF7A7D /* Context.m in Sources */,
				8D35C6290DFE999200AF7A7D /* ContextGroup.m in Sources */,
				8D5A064B0DFFBD49009346BF /* SensorData.m in Sources */,
				8D5675970E010C9200EFEBA2 /* SensorArrayController.m in Sources */,
				8D56765F0E01EDD300EFEBA2 /* SensorController.m in Sources */,
			);
			runOnlyForDeploymentPostprocessing = 0;
		};
		8D56752A0E01055E00EFEBA2 /* Sources */ = {
			isa = PBXSourcesBuildPhase;
			buildActionMask = 2147483647;
			files = (
				8D56753C0E0105AC00EFEBA2 /* TimeOfDaySensor.m in Sources */,
			);
			runOnlyForDeploymentPostprocessing = 0;
		};
		8D5675770E0109CD00EFEBA2 /* Sources */ = {
			isa = PBXSourcesBuildPhase;
			buildActionMask = 2147483647;
			files = (
				8D56758C0E010AAD00EFEBA2 /* main.m in Sources */,
				8D5675980E010C9200EFEBA2 /* SensorArrayController.m in Sources */,
				8D5676600E01EDD300EFEBA2 /* SensorController.m in Sources */,
			);
			runOnlyForDeploymentPostprocessing = 0;
		};
		8DE55ACE0DFE7AF800D79CF0 /* Sources */ = {
			isa = PBXSourcesBuildPhase;
			buildActionMask = 2147483647;
			files = (
				8D35C5FA0DFE7F7D00AF7A7D /* Context.m in Sources */,
				8D35C60B0DFE851A00AF7A7D /* ContextTest.m in Sources */,
				8D35C6280DFE999200AF7A7D /* ContextGroup.m in Sources */,
				8D35C6320DFE9C2400AF7A7D /* ContextGroupTest.m in Sources */,
				8D5A064A0DFFBD49009346BF /* SensorData.m in Sources */,
			);
			runOnlyForDeploymentPostprocessing = 0;
		};
/* End PBXSourcesBuildPhase section */

/* Begin PBXTargetDependency section */
		8D637B5C0E04A126008D3EBA /* PBXTargetDependency */ = {
			isa = PBXTargetDependency;
			target = 8D56752C0E01055E00EFEBA2 /* TimeOfDaySensor */;
			targetProxy = 8D637B5B0E04A126008D3EBA /* PBXContainerItemProxy */;
		};
		8D637B5E0E04A13E008D3EBA /* PBXTargetDependency */ = {
			isa = PBXTargetDependency;
			target = 8D637B580E04A111008D3EBA /* All Sensors */;
			targetProxy = 8D637B5D0E04A13E008D3EBA /* PBXContainerItemProxy */;
		};
		8D637B600E04A145008D3EBA /* PBXTargetDependency */ = {
			isa = PBXTargetDependency;
			target = 8D637B580E04A111008D3EBA /* All Sensors */;
			targetProxy = 8D637B5F0E04A145008D3EBA /* PBXContainerItemProxy */;
		};
/* End PBXTargetDependency section */

/* Begin XCBuildConfiguration section */
		8D5675300E01055F00EFEBA2 /* Debug */ = {
			isa = XCBuildConfiguration;
			buildSettings = {
				ALWAYS_SEARCH_USER_PATHS = NO;
				ARCHS = "$(ARCHS_STANDARD_32_BIT_PRE_XCODE_3_1)";
				ARCHS_STANDARD_32_BIT_PRE_XCODE_3_1 = "ppc i386";
				COPY_PHASE_STRIP = NO;
				GCC_DYNAMIC_NO_PIC = NO;
				GCC_ENABLE_FIX_AND_CONTINUE = YES;
				GCC_MODEL_TUNING = G5;
				GCC_OPTIMIZATION_LEVEL = 0;
				GCC_PRECOMPILE_PREFIX_HEADER = YES;
				GCC_PREFIX_HEADER = "$(SYSTEM_LIBRARY_DIR)/Frameworks/AppKit.framework/Headers/AppKit.h";
				INFOPLIST_FILE = "Sensors/TimeOfDaySensor/TimeOfDaySensor-Info.plist";
				INSTALL_PATH = "$(HOME)/Library/Bundles";
				OTHER_LDFLAGS = (
					"-framework",
					Foundation,
					"-framework",
					AppKit,
				);
				PREBINDING = NO;
				PRODUCT_NAME = TimeOfDaySensor;
				WRAPPER_EXTENSION = sensor;
			};
			name = Debug;
		};
		8D5675310E01055F00EFEBA2 /* Release */ = {
			isa = XCBuildConfiguration;
			buildSettings = {
				ALWAYS_SEARCH_USER_PATHS = NO;
				ARCHS = "$(ARCHS_STANDARD_32_BIT_PRE_XCODE_3_1)";
				ARCHS_STANDARD_32_BIT_PRE_XCODE_3_1 = "ppc i386";
				COPY_PHASE_STRIP = YES;
				DEBUG_INFORMATION_FORMAT = "dwarf-with-dsym";
				GCC_ENABLE_FIX_AND_CONTINUE = NO;
				GCC_MODEL_TUNING = G5;
				GCC_PRECOMPILE_PREFIX_HEADER = YES;
				GCC_PREFIX_HEADER = "$(SYSTEM_LIBRARY_DIR)/Frameworks/AppKit.framework/Headers/AppKit.h";
				INFOPLIST_FILE = "Sensors/TimeOfDaySensor/TimeOfDaySensor-Info.plist";
				INSTALL_PATH = "$(HOME)/Library/Bundles";
				OTHER_LDFLAGS = (
					"-framework",
					Foundation,
					"-framework",
					AppKit,
				);
				PREBINDING = NO;
				PRODUCT_NAME = TimeOfDaySensor;
				WRAPPER_EXTENSION = sensor;
				ZERO_LINK = NO;
			};
			name = Release;
		};
		8D56757D0E0109CD00EFEBA2 /* Debug */ = {
			isa = XCBuildConfiguration;
			buildSettings = {
				ALWAYS_SEARCH_USER_PATHS = NO;
				ARCHS = "$(ARCHS_STANDARD_32_BIT_PRE_XCODE_3_1)";
				ARCHS_STANDARD_32_BIT_PRE_XCODE_3_1 = "ppc i386";
				COPY_PHASE_STRIP = NO;
				GCC_DYNAMIC_NO_PIC = NO;
				GCC_ENABLE_FIX_AND_CONTINUE = YES;
				GCC_MODEL_TUNING = G5;
				GCC_OPTIMIZATION_LEVEL = 0;
				GCC_PRECOMPILE_PREFIX_HEADER = YES;
				GCC_PREFIX_HEADER = "$(SYSTEM_LIBRARY_DIR)/Frameworks/AppKit.framework/Headers/AppKit.h";
				INFOPLIST_FILE = "Resources/SensorTester-Info.plist";
				INSTALL_PATH = "$(HOME)/Applications";
				OTHER_LDFLAGS = (
					"-framework",
					Foundation,
					"-framework",
					AppKit,
				);
				PREBINDING = NO;
				PRODUCT_NAME = SensorTester;
			};
			name = Debug;
		};
		8D56757E0E0109CD00EFEBA2 /* Release */ = {
			isa = XCBuildConfiguration;
			buildSettings = {
				ALWAYS_SEARCH_USER_PATHS = NO;
				ARCHS = "$(ARCHS_STANDARD_32_BIT_PRE_XCODE_3_1)";
				ARCHS_STANDARD_32_BIT_PRE_XCODE_3_1 = "ppc i386";
				COPY_PHASE_STRIP = YES;
				DEBUG_INFORMATION_FORMAT = "dwarf-with-dsym";
				GCC_ENABLE_FIX_AND_CONTINUE = NO;
				GCC_MODEL_TUNING = G5;
				GCC_PRECOMPILE_PREFIX_HEADER = YES;
				GCC_PREFIX_HEADER = "$(SYSTEM_LIBRARY_DIR)/Frameworks/AppKit.framework/Headers/AppKit.h";
				INFOPLIST_FILE = "Resources/SensorTester-Info.plist";
				INSTALL_PATH = "$(HOME)/Applications";
				OTHER_LDFLAGS = (
					"-framework",
					Foundation,
					"-framework",
					AppKit,
				);
				PREBINDING = NO;
				PRODUCT_NAME = SensorTester;
				ZERO_LINK = NO;
			};
			name = Release;
		};
		8D637B590E04A112008D3EBA /* Debug */ = {
			isa = XCBuildConfiguration;
			buildSettings = {
				COPY_PHASE_STRIP = NO;
				GCC_DYNAMIC_NO_PIC = NO;
				GCC_OPTIMIZATION_LEVEL = 0;
				PRODUCT_NAME = "All Sensors";
			};
			name = Debug;
		};
		8D637B5A0E04A112008D3EBA /* Release */ = {
			isa = XCBuildConfiguration;
			buildSettings = {
				COPY_PHASE_STRIP = YES;
				DEBUG_INFORMATION_FORMAT = "dwarf-with-dsym";
				GCC_ENABLE_FIX_AND_CONTINUE = NO;
				PRODUCT_NAME = "All Sensors";
				ZERO_LINK = NO;
			};
			name = Release;
		};
		8DE55AD40DFE7AF900D79CF0 /* Debug */ = {
			isa = XCBuildConfiguration;
			buildSettings = {
				ALWAYS_SEARCH_USER_PATHS = NO;
				ARCHS = "$(ARCHS_STANDARD_32_BIT_PRE_XCODE_3_1)";
				ARCHS_STANDARD_32_BIT_PRE_XCODE_3_1 = "ppc i386";
				COPY_PHASE_STRIP = NO;
				FRAMEWORK_SEARCH_PATHS = "$(DEVELOPER_LIBRARY_DIR)/Frameworks";
				GCC_DYNAMIC_NO_PIC = NO;
				GCC_ENABLE_FIX_AND_CONTINUE = NO;
				GCC_ENABLE_OBJC_EXCEPTIONS = YES;
				GCC_MODEL_TUNING = G5;
				GCC_OPTIMIZATION_LEVEL = 0;
				GCC_PRECOMPILE_PREFIX_HEADER = YES;
				GCC_PREFIX_HEADER = "$(SYSTEM_LIBRARY_DIR)/Frameworks/Cocoa.framework/Headers/Cocoa.h";
				INFOPLIST_FILE = "Resources/Unit Tests-Info.plist";
				INSTALL_PATH = "$(USER_LIBRARY_DIR)/Bundles";
				OTHER_LDFLAGS = (
					"-framework",
					Cocoa,
					"-framework",
					SenTestingKit,
				);
				PREBINDING = NO;
				PRODUCT_NAME = "Unit Tests";
				WRAPPER_EXTENSION = octest;
			};
			name = Debug;
		};
		8DE55AD50DFE7AF900D79CF0 /* Release */ = {
			isa = XCBuildConfiguration;
			buildSettings = {
				ALWAYS_SEARCH_USER_PATHS = NO;
				ARCHS = "$(ARCHS_STANDARD_32_BIT_PRE_XCODE_3_1)";
				ARCHS_STANDARD_32_BIT_PRE_XCODE_3_1 = "ppc i386";
				COPY_PHASE_STRIP = YES;
				DEBUG_INFORMATION_FORMAT = "dwarf-with-dsym";
				FRAMEWORK_SEARCH_PATHS = "$(DEVELOPER_LIBRARY_DIR)/Frameworks";
				GCC_ENABLE_FIX_AND_CONTINUE = NO;
				GCC_ENABLE_OBJC_EXCEPTIONS = YES;
				GCC_MODEL_TUNING = G5;
				GCC_PRECOMPILE_PREFIX_HEADER = YES;
				GCC_PREFIX_HEADER = "$(SYSTEM_LIBRARY_DIR)/Frameworks/Cocoa.framework/Headers/Cocoa.h";
				INFOPLIST_FILE = "Resources/Unit Tests-Info.plist";
				INSTALL_PATH = "$(USER_LIBRARY_DIR)/Bundles";
				OTHER_LDFLAGS = (
					"-framework",
					Cocoa,
					"-framework",
					SenTestingKit,
				);
				PREBINDING = NO;
				PRODUCT_NAME = "Unit Tests";
				WRAPPER_EXTENSION = octest;
				ZERO_LINK = NO;
			};
			name = Release;
		};
		C01FCF4B08A954540054247B /* Debug */ = {
			isa = XCBuildConfiguration;
			buildSettings = {
				ALWAYS_SEARCH_USER_PATHS = NO;
				COPY_PHASE_STRIP = NO;
				GCC_DYNAMIC_NO_PIC = NO;
				GCC_ENABLE_FIX_AND_CONTINUE = YES;
				GCC_MODEL_TUNING = G5;
				GCC_OPTIMIZATION_LEVEL = 0;
				GCC_PRECOMPILE_PREFIX_HEADER = YES;
				GCC_PREFIX_HEADER = MarcoPolo.pch;
				INFOPLIST_FILE = Resources/Info.plist;
				INSTALL_PATH = "$(HOME)/Applications";
				PRODUCT_NAME = MarcoPolo;
			};
			name = Debug;
		};
		C01FCF4C08A954540054247B /* Release */ = {
			isa = XCBuildConfiguration;
			buildSettings = {
				ALWAYS_SEARCH_USER_PATHS = NO;
				DEBUG_INFORMATION_FORMAT = "dwarf-with-dsym";
				GCC_MODEL_TUNING = G5;
				GCC_PRECOMPILE_PREFIX_HEADER = YES;
				GCC_PREFIX_HEADER = MarcoPolo.pch;
				INFOPLIST_FILE = Resources/Info.plist;
				INSTALL_PATH = "$(HOME)/Applications";
				PRODUCT_NAME = MarcoPolo;
			};
			name = Release;
		};
		C01FCF4F08A954540054247B /* Debug */ = {
			isa = XCBuildConfiguration;
			buildSettings = {
				ALWAYS_SEARCH_USER_PATHS = NO;
				ARCHS = "$(NATIVE_ARCH)";
				GCC_OPTIMIZATION_LEVEL = 0;
				GCC_WARN_ABOUT_RETURN_TYPE = YES;
				GCC_WARN_UNUSED_VARIABLE = YES;
				ONLY_ACTIVE_ARCH = YES;
				PREBINDING = NO;
				SDKROOT = /Developer/SDKs/MacOSX10.4u.sdk;
			};
			name = Debug;
		};
		C01FCF5008A954540054247B /* Release */ = {
			isa = XCBuildConfiguration;
			buildSettings = {
				ALWAYS_SEARCH_USER_PATHS = NO;
				ARCHS = "$(ARCHS_STANDARD_32_BIT_PRE_XCODE_3_1)";
				ARCHS_STANDARD_32_BIT_PRE_XCODE_3_1 = "ppc i386";
				GCC_WARN_ABOUT_RETURN_TYPE = YES;
				GCC_WARN_UNUSED_VARIABLE = YES;
				PREBINDING = NO;
				SDKROOT = /Developer/SDKs/MacOSX10.4u.sdk;
			};
			name = Release;
		};
/* End XCBuildConfiguration section */

/* Begin XCConfigurationList section */
		8D5675320E01055F00EFEBA2 /* Build configuration list for PBXNativeTarget "TimeOfDaySensor" */ = {
			isa = XCConfigurationList;
			buildConfigurations = (
				8D5675300E01055F00EFEBA2 /* Debug */,
				8D5675310E01055F00EFEBA2 /* Release */,
			);
			defaultConfigurationIsVisible = 0;
			defaultConfigurationName = Release;
		};
		8D56757F0E0109CE00EFEBA2 /* Build configuration list for PBXNativeTarget "SensorTester" */ = {
			isa = XCConfigurationList;
			buildConfigurations = (
				8D56757D0E0109CD00EFEBA2 /* Debug */,
				8D56757E0E0109CD00EFEBA2 /* Release */,
			);
			defaultConfigurationIsVisible = 0;
			defaultConfigurationName = Release;
		};
		8D637B6F0E04A15A008D3EBA /* Build configuration list for PBXAggregateTarget "All Sensors" */ = {
			isa = XCConfigurationList;
			buildConfigurations = (
				8D637B590E04A112008D3EBA /* Debug */,
				8D637B5A0E04A112008D3EBA /* Release */,
			);
			defaultConfigurationIsVisible = 0;
			defaultConfigurationName = Release;
		};
		8DE55AD60DFE7AF900D79CF0 /* Build configuration list for PBXNativeTarget "Unit Tests" */ = {
			isa = XCConfigurationList;
			buildConfigurations = (
				8DE55AD40DFE7AF900D79CF0 /* Debug */,
				8DE55AD50DFE7AF900D79CF0 /* Release */,
			);
			defaultConfigurationIsVisible = 0;
			defaultConfigurationName = Release;
		};
		C01FCF4A08A954540054247B /* Build configuration list for PBXNativeTarget "MarcoPolo" */ = {
			isa = XCConfigurationList;
			buildConfigurations = (
				C01FCF4B08A954540054247B /* Debug */,
				C01FCF4C08A954540054247B /* Release */,
			);
			defaultConfigurationIsVisible = 0;
			defaultConfigurationName = Release;
		};
		C01FCF4E08A954540054247B /* Build configuration list for PBXProject "MarcoPolo" */ = {
			isa = XCConfigurationList;
			buildConfigurations = (
				C01FCF4F08A954540054247B /* Debug */,
				C01FCF5008A954540054247B /* Release */,
			);
			defaultConfigurationIsVisible = 0;
			defaultConfigurationName = Release;
		};
/* End XCConfigurationList section */
	};
	rootObject = 29B97313FDCFA39411CA2CEA /* Project object */;
}
